// !$*UTF8*$!
{
	archiveVersion = 1;
	classes = {
	};
	objectVersion = 52;
	objects = {

/* Begin PBXBuildFile section */
		C70E9268266FA4AD00E0DB05 /* Commons in Frameworks */ = {isa = PBXBuildFile; productRef = C70E9267266FA4AD00E0DB05 /* Commons */; };
		C7FFD7CD2647B18A000D447C /* AppDelegate.swift in Sources */ = {isa = PBXBuildFile; fileRef = C7FFD7CC2647B18A000D447C /* AppDelegate.swift */; };
		C7FFD7CF2647B18A000D447C /* SceneDelegate.swift in Sources */ = {isa = PBXBuildFile; fileRef = C7FFD7CE2647B18A000D447C /* SceneDelegate.swift */; };
		C7FFD7D72647B18A000D447C /* ShoppingApp.xcdatamodeld in Sources */ = {isa = PBXBuildFile; fileRef = C7FFD7D52647B18A000D447C /* ShoppingApp.xcdatamodeld */; };
		C7FFD7D92647B18A000D447C /* Assets.xcassets in Resources */ = {isa = PBXBuildFile; fileRef = C7FFD7D82647B18A000D447C /* Assets.xcassets */; };
		C7FFD7DC2647B18A000D447C /* LaunchScreen.storyboard in Resources */ = {isa = PBXBuildFile; fileRef = C7FFD7DA2647B18A000D447C /* LaunchScreen.storyboard */; };
		C7FFD7E72647B18B000D447C /* ShoppingAppTests.swift in Sources */ = {isa = PBXBuildFile; fileRef = C7FFD7E62647B18B000D447C /* ShoppingAppTests.swift */; };
		C7FFD7F22647B18B000D447C /* ShoppingAppUITests.swift in Sources */ = {isa = PBXBuildFile; fileRef = C7FFD7F12647B18B000D447C /* ShoppingAppUITests.swift */; };
		C7FFD96E2647B95A000D447C /* AppFlow.framework in Frameworks */ = {isa = PBXBuildFile; fileRef = C7FFD96D2647B95A000D447C /* AppFlow.framework */; };
		C7FFD96F2647B95A000D447C /* AppFlow.framework in Embed Frameworks */ = {isa = PBXBuildFile; fileRef = C7FFD96D2647B95A000D447C /* AppFlow.framework */; settings = {ATTRIBUTES = (CodeSignOnCopy, RemoveHeadersOnCopy, ); }; };
/* End PBXBuildFile section */

/* Begin PBXContainerItemProxy section */
		C7FFD7E32647B18B000D447C /* PBXContainerItemProxy */ = {
			isa = PBXContainerItemProxy;
			containerPortal = C7FFD7C12647B18A000D447C /* Project object */;
			proxyType = 1;
			remoteGlobalIDString = C7FFD7C82647B18A000D447C;
			remoteInfo = ShoppingApp;
		};
		C7FFD7EE2647B18B000D447C /* PBXContainerItemProxy */ = {
			isa = PBXContainerItemProxy;
			containerPortal = C7FFD7C12647B18A000D447C /* Project object */;
			proxyType = 1;
			remoteGlobalIDString = C7FFD7C82647B18A000D447C;
			remoteInfo = ShoppingApp;
		};
/* End PBXContainerItemProxy section */

/* Begin PBXCopyFilesBuildPhase section */
		C7FFD9692647B945000D447C /* Embed Frameworks */ = {
			isa = PBXCopyFilesBuildPhase;
			buildActionMask = 2147483647;
			dstPath = "";
			dstSubfolderSpec = 10;
			files = (
				C7FFD96F2647B95A000D447C /* AppFlow.framework in Embed Frameworks */,
			);
			name = "Embed Frameworks";
			runOnlyForDeploymentPostprocessing = 0;
		};
/* End PBXCopyFilesBuildPhase section */

/* Begin PBXFileReference section */
		C70E91BB2668BEB600E0DB05 /* Commons.framework */ = {isa = PBXFileReference; explicitFileType = wrapper.framework; path = Commons.framework; sourceTree = BUILT_PRODUCTS_DIR; };
		C7FFD7C92647B18A000D447C /* ShoppingApp.app */ = {isa = PBXFileReference; explicitFileType = wrapper.application; includeInIndex = 0; path = ShoppingApp.app; sourceTree = BUILT_PRODUCTS_DIR; };
		C7FFD7CC2647B18A000D447C /* AppDelegate.swift */ = {isa = PBXFileReference; lastKnownFileType = sourcecode.swift; path = AppDelegate.swift; sourceTree = "<group>"; };
		C7FFD7CE2647B18A000D447C /* SceneDelegate.swift */ = {isa = PBXFileReference; lastKnownFileType = sourcecode.swift; path = SceneDelegate.swift; sourceTree = "<group>"; };
		C7FFD7D62647B18A000D447C /* ShoppingApp.xcdatamodel */ = {isa = PBXFileReference; lastKnownFileType = wrapper.xcdatamodel; path = ShoppingApp.xcdatamodel; sourceTree = "<group>"; };
		C7FFD7D82647B18A000D447C /* Assets.xcassets */ = {isa = PBXFileReference; lastKnownFileType = folder.assetcatalog; path = Assets.xcassets; sourceTree = "<group>"; };
		C7FFD7DB2647B18A000D447C /* Base */ = {isa = PBXFileReference; lastKnownFileType = file.storyboard; name = Base; path = Base.lproj/LaunchScreen.storyboard; sourceTree = "<group>"; };
		C7FFD7DD2647B18A000D447C /* Info.plist */ = {isa = PBXFileReference; lastKnownFileType = text.plist.xml; path = Info.plist; sourceTree = "<group>"; };
		C7FFD7E22647B18B000D447C /* ShoppingAppTests.xctest */ = {isa = PBXFileReference; explicitFileType = wrapper.cfbundle; includeInIndex = 0; path = ShoppingAppTests.xctest; sourceTree = BUILT_PRODUCTS_DIR; };
		C7FFD7E62647B18B000D447C /* ShoppingAppTests.swift */ = {isa = PBXFileReference; lastKnownFileType = sourcecode.swift; path = ShoppingAppTests.swift; sourceTree = "<group>"; };
		C7FFD7E82647B18B000D447C /* Info.plist */ = {isa = PBXFileReference; lastKnownFileType = text.plist.xml; path = Info.plist; sourceTree = "<group>"; };
		C7FFD7ED2647B18B000D447C /* ShoppingAppUITests.xctest */ = {isa = PBXFileReference; explicitFileType = wrapper.cfbundle; includeInIndex = 0; path = ShoppingAppUITests.xctest; sourceTree = BUILT_PRODUCTS_DIR; };
		C7FFD7F12647B18B000D447C /* ShoppingAppUITests.swift */ = {isa = PBXFileReference; lastKnownFileType = sourcecode.swift; path = ShoppingAppUITests.swift; sourceTree = "<group>"; };
		C7FFD7F32647B18B000D447C /* Info.plist */ = {isa = PBXFileReference; lastKnownFileType = text.plist.xml; path = Info.plist; sourceTree = "<group>"; };
		C7FFD9662647B945000D447C /* Networking.framework */ = {isa = PBXFileReference; explicitFileType = wrapper.framework; path = Networking.framework; sourceTree = BUILT_PRODUCTS_DIR; };
		C7FFD96A2647B954000D447C /* Commons.framework */ = {isa = PBXFileReference; explicitFileType = wrapper.framework; path = Commons.framework; sourceTree = BUILT_PRODUCTS_DIR; };
		C7FFD96D2647B95A000D447C /* AppFlow.framework */ = {isa = PBXFileReference; explicitFileType = wrapper.framework; path = AppFlow.framework; sourceTree = BUILT_PRODUCTS_DIR; };
/* End PBXFileReference section */

/* Begin PBXFrameworksBuildPhase section */
		C7FFD7C62647B18A000D447C /* Frameworks */ = {
			isa = PBXFrameworksBuildPhase;
			buildActionMask = 2147483647;
			files = (
				C70E9268266FA4AD00E0DB05 /* Commons in Frameworks */,
				C7FFD96E2647B95A000D447C /* AppFlow.framework in Frameworks */,
			);
			runOnlyForDeploymentPostprocessing = 0;
		};
		C7FFD7DF2647B18B000D447C /* Frameworks */ = {
			isa = PBXFrameworksBuildPhase;
			buildActionMask = 2147483647;
			files = (
			);
			runOnlyForDeploymentPostprocessing = 0;
		};
		C7FFD7EA2647B18B000D447C /* Frameworks */ = {
			isa = PBXFrameworksBuildPhase;
			buildActionMask = 2147483647;
			files = (
			);
			runOnlyForDeploymentPostprocessing = 0;
		};
/* End PBXFrameworksBuildPhase section */

/* Begin PBXGroup section */
		C7FFD7C02647B18A000D447C = {
			isa = PBXGroup;
			children = (
				C7FFD7CB2647B18A000D447C /* ShoppingApp */,
				C7FFD7E52647B18B000D447C /* ShoppingAppTests */,
				C7FFD7F02647B18B000D447C /* ShoppingAppUITests */,
				C7FFD7CA2647B18A000D447C /* Products */,
				C7FFD9652647B945000D447C /* Frameworks */,
			);
			sourceTree = "<group>";
		};
		C7FFD7CA2647B18A000D447C /* Products */ = {
			isa = PBXGroup;
			children = (
				C7FFD7C92647B18A000D447C /* ShoppingApp.app */,
				C7FFD7E22647B18B000D447C /* ShoppingAppTests.xctest */,
				C7FFD7ED2647B18B000D447C /* ShoppingAppUITests.xctest */,
			);
			name = Products;
			sourceTree = "<group>";
		};
		C7FFD7CB2647B18A000D447C /* ShoppingApp */ = {
			isa = PBXGroup;
			children = (
				C7FFD7CC2647B18A000D447C /* AppDelegate.swift */,
				C7FFD7CE2647B18A000D447C /* SceneDelegate.swift */,
				C7FFD7D82647B18A000D447C /* Assets.xcassets */,
				C7FFD7DA2647B18A000D447C /* LaunchScreen.storyboard */,
				C7FFD7DD2647B18A000D447C /* Info.plist */,
				C7FFD7D52647B18A000D447C /* ShoppingApp.xcdatamodeld */,
			);
			path = ShoppingApp;
			sourceTree = "<group>";
		};
		C7FFD7E52647B18B000D447C /* ShoppingAppTests */ = {
			isa = PBXGroup;
			children = (
				C7FFD7E62647B18B000D447C /* ShoppingAppTests.swift */,
				C7FFD7E82647B18B000D447C /* Info.plist */,
			);
			path = ShoppingAppTests;
			sourceTree = "<group>";
		};
		C7FFD7F02647B18B000D447C /* ShoppingAppUITests */ = {
			isa = PBXGroup;
			children = (
				C7FFD7F12647B18B000D447C /* ShoppingAppUITests.swift */,
				C7FFD7F32647B18B000D447C /* Info.plist */,
			);
			path = ShoppingAppUITests;
			sourceTree = "<group>";
		};
		C7FFD9652647B945000D447C /* Frameworks */ = {
			isa = PBXGroup;
			children = (
				C70E91BB2668BEB600E0DB05 /* Commons.framework */,
				C7FFD96D2647B95A000D447C /* AppFlow.framework */,
				C7FFD96A2647B954000D447C /* Commons.framework */,
				C7FFD9662647B945000D447C /* Networking.framework */,
			);
			name = Frameworks;
			sourceTree = "<group>";
		};
/* End PBXGroup section */

/* Begin PBXNativeTarget section */
		C7FFD7C82647B18A000D447C /* ShoppingApp */ = {
			isa = PBXNativeTarget;
			buildConfigurationList = C7FFD7F62647B18B000D447C /* Build configuration list for PBXNativeTarget "ShoppingApp" */;
			buildPhases = (
				C7FFD7C52647B18A000D447C /* Sources */,
				C7FFD7C62647B18A000D447C /* Frameworks */,
				C7FFD7C72647B18A000D447C /* Resources */,
				C7FFD9692647B945000D447C /* Embed Frameworks */,
			);
			buildRules = (
			);
			dependencies = (
			);
			name = ShoppingApp;
			packageProductDependencies = (
				C70E9267266FA4AD00E0DB05 /* Commons */,
			);
			productName = ShoppingApp;
			productReference = C7FFD7C92647B18A000D447C /* ShoppingApp.app */;
			productType = "com.apple.product-type.application";
		};
		C7FFD7E12647B18B000D447C /* ShoppingAppTests */ = {
			isa = PBXNativeTarget;
			buildConfigurationList = C7FFD7F92647B18B000D447C /* Build configuration list for PBXNativeTarget "ShoppingAppTests" */;
			buildPhases = (
				C7FFD7DE2647B18B000D447C /* Sources */,
				C7FFD7DF2647B18B000D447C /* Frameworks */,
				C7FFD7E02647B18B000D447C /* Resources */,
			);
			buildRules = (
			);
			dependencies = (
				C7FFD7E42647B18B000D447C /* PBXTargetDependency */,
			);
			name = ShoppingAppTests;
			productName = ShoppingAppTests;
			productReference = C7FFD7E22647B18B000D447C /* ShoppingAppTests.xctest */;
			productType = "com.apple.product-type.bundle.unit-test";
		};
		C7FFD7EC2647B18B000D447C /* ShoppingAppUITests */ = {
			isa = PBXNativeTarget;
			buildConfigurationList = C7FFD7FC2647B18B000D447C /* Build configuration list for PBXNativeTarget "ShoppingAppUITests" */;
			buildPhases = (
				C7FFD7E92647B18B000D447C /* Sources */,
				C7FFD7EA2647B18B000D447C /* Frameworks */,
				C7FFD7EB2647B18B000D447C /* Resources */,
			);
			buildRules = (
			);
			dependencies = (
				C7FFD7EF2647B18B000D447C /* PBXTargetDependency */,
			);
			name = ShoppingAppUITests;
			productName = ShoppingAppUITests;
			productReference = C7FFD7ED2647B18B000D447C /* ShoppingAppUITests.xctest */;
			productType = "com.apple.product-type.bundle.ui-testing";
		};
/* End PBXNativeTarget section */

/* Begin PBXProject section */
		C7FFD7C12647B18A000D447C /* Project object */ = {
			isa = PBXProject;
			attributes = {
				LastSwiftUpdateCheck = 1250;
				LastUpgradeCheck = 1250;
				TargetAttributes = {
					C7FFD7C82647B18A000D447C = {
						CreatedOnToolsVersion = 12.5;
					};
					C7FFD7E12647B18B000D447C = {
						CreatedOnToolsVersion = 12.5;
						TestTargetID = C7FFD7C82647B18A000D447C;
					};
					C7FFD7EC2647B18B000D447C = {
						CreatedOnToolsVersion = 12.5;
						TestTargetID = C7FFD7C82647B18A000D447C;
					};
				};
			};
			buildConfigurationList = C7FFD7C42647B18A000D447C /* Build configuration list for PBXProject "ShoppingApp" */;
			compatibilityVersion = "Xcode 9.3";
			developmentRegion = en;
			hasScannedForEncodings = 0;
			knownRegions = (
				en,
				Base,
			);
			mainGroup = C7FFD7C02647B18A000D447C;
			packageReferences = (
				C70E9266266FA4AD00E0DB05 /* XCRemoteSwiftPackageReference "Commons" */,
			);
			productRefGroup = C7FFD7CA2647B18A000D447C /* Products */;
			projectDirPath = "";
			projectRoot = "";
			targets = (
				C7FFD7C82647B18A000D447C /* ShoppingApp */,
				C7FFD7E12647B18B000D447C /* ShoppingAppTests */,
				C7FFD7EC2647B18B000D447C /* ShoppingAppUITests */,
			);
		};
/* End PBXProject section */

/* Begin PBXResourcesBuildPhase section */
		C7FFD7C72647B18A000D447C /* Resources */ = {
			isa = PBXResourcesBuildPhase;
			buildActionMask = 2147483647;
			files = (
				C7FFD7DC2647B18A000D447C /* LaunchScreen.storyboard in Resources */,
				C7FFD7D92647B18A000D447C /* Assets.xcassets in Resources */,
			);
			runOnlyForDeploymentPostprocessing = 0;
		};
		C7FFD7E02647B18B000D447C /* Resources */ = {
			isa = PBXResourcesBuildPhase;
			buildActionMask = 2147483647;
			files = (
			);
			runOnlyForDeploymentPostprocessing = 0;
		};
		C7FFD7EB2647B18B000D447C /* Resources */ = {
			isa = PBXResourcesBuildPhase;
			buildActionMask = 2147483647;
			files = (
			);
			runOnlyForDeploymentPostprocessing = 0;
		};
/* End PBXResourcesBuildPhase section */

/* Begin PBXSourcesBuildPhase section */
		C7FFD7C52647B18A000D447C /* Sources */ = {
			isa = PBXSourcesBuildPhase;
			buildActionMask = 2147483647;
			files = (
				C7FFD7D72647B18A000D447C /* ShoppingApp.xcdatamodeld in Sources */,
				C7FFD7CD2647B18A000D447C /* AppDelegate.swift in Sources */,
				C7FFD7CF2647B18A000D447C /* SceneDelegate.swift in Sources */,
			);
			runOnlyForDeploymentPostprocessing = 0;
		};
		C7FFD7DE2647B18B000D447C /* Sources */ = {
			isa = PBXSourcesBuildPhase;
			buildActionMask = 2147483647;
			files = (
				C7FFD7E72647B18B000D447C /* ShoppingAppTests.swift in Sources */,
			);
			runOnlyForDeploymentPostprocessing = 0;
		};
		C7FFD7E92647B18B000D447C /* Sources */ = {
			isa = PBXSourcesBuildPhase;
			buildActionMask = 2147483647;
			files = (
				C7FFD7F22647B18B000D447C /* ShoppingAppUITests.swift in Sources */,
			);
			runOnlyForDeploymentPostprocessing = 0;
		};
/* End PBXSourcesBuildPhase section */

/* Begin PBXTargetDependency section */
		C7FFD7E42647B18B000D447C /* PBXTargetDependency */ = {
			isa = PBXTargetDependency;
			target = C7FFD7C82647B18A000D447C /* ShoppingApp */;
			targetProxy = C7FFD7E32647B18B000D447C /* PBXContainerItemProxy */;
		};
		C7FFD7EF2647B18B000D447C /* PBXTargetDependency */ = {
			isa = PBXTargetDependency;
			target = C7FFD7C82647B18A000D447C /* ShoppingApp */;
			targetProxy = C7FFD7EE2647B18B000D447C /* PBXContainerItemProxy */;
		};
/* End PBXTargetDependency section */

/* Begin PBXVariantGroup section */
		C7FFD7DA2647B18A000D447C /* LaunchScreen.storyboard */ = {
			isa = PBXVariantGroup;
			children = (
				C7FFD7DB2647B18A000D447C /* Base */,
			);
			name = LaunchScreen.storyboard;
			sourceTree = "<group>";
		};
/* End PBXVariantGroup section */

/* Begin XCBuildConfiguration section */
		C7FFD7F42647B18B000D447C /* Debug */ = {
			isa = XCBuildConfiguration;
			buildSettings = {
				ALWAYS_SEARCH_USER_PATHS = NO;
				CLANG_ANALYZER_NONNULL = YES;
				CLANG_ANALYZER_NUMBER_OBJECT_CONVERSION = YES_AGGRESSIVE;
				CLANG_CXX_LANGUAGE_STANDARD = "gnu++14";
				CLANG_CXX_LIBRARY = "libc++";
				CLANG_ENABLE_MODULES = YES;
				CLANG_ENABLE_OBJC_ARC = YES;
				CLANG_ENABLE_OBJC_WEAK = YES;
				CLANG_WARN_BLOCK_CAPTURE_AUTORELEASING = YES;
				CLANG_WARN_BOOL_CONVERSION = YES;
				CLANG_WARN_COMMA = YES;
				CLANG_WARN_CONSTANT_CONVERSION = YES;
				CLANG_WARN_DEPRECATED_OBJC_IMPLEMENTATIONS = YES;
				CLANG_WARN_DIRECT_OBJC_ISA_USAGE = YES_ERROR;
				CLANG_WARN_DOCUMENTATION_COMMENTS = YES;
				CLANG_WARN_EMPTY_BODY = YES;
				CLANG_WARN_ENUM_CONVERSION = YES;
				CLANG_WARN_INFINITE_RECURSION = YES;
				CLANG_WARN_INT_CONVERSION = YES;
				CLANG_WARN_NON_LITERAL_NULL_CONVERSION = YES;
				CLANG_WARN_OBJC_IMPLICIT_RETAIN_SELF = YES;
				CLANG_WARN_OBJC_LITERAL_CONVERSION = YES;
				CLANG_WARN_OBJC_ROOT_CLASS = YES_ERROR;
				CLANG_WARN_QUOTED_INCLUDE_IN_FRAMEWORK_HEADER = YES;
				CLANG_WARN_RANGE_LOOP_ANALYSIS = YES;
				CLANG_WARN_STRICT_PROTOTYPES = YES;
				CLANG_WARN_SUSPICIOUS_MOVE = YES;
				CLANG_WARN_UNGUARDED_AVAILABILITY = YES_AGGRESSIVE;
				CLANG_WARN_UNREACHABLE_CODE = YES;
				CLANG_WARN__DUPLICATE_METHOD_MATCH = YES;
				COPY_PHASE_STRIP = NO;
				DEBUG_INFORMATION_FORMAT = dwarf;
				ENABLE_STRICT_OBJC_MSGSEND = YES;
				ENABLE_TESTABILITY = YES;
				GCC_C_LANGUAGE_STANDARD = gnu11;
				GCC_DYNAMIC_NO_PIC = NO;
				GCC_NO_COMMON_BLOCKS = YES;
				GCC_OPTIMIZATION_LEVEL = 0;
				GCC_PREPROCESSOR_DEFINITIONS = (
					"DEBUG=1",
					"$(inherited)",
				);
				GCC_WARN_64_TO_32_BIT_CONVERSION = YES;
				GCC_WARN_ABOUT_RETURN_TYPE = YES_ERROR;
				GCC_WARN_UNDECLARED_SELECTOR = YES;
				GCC_WARN_UNINITIALIZED_AUTOS = YES_AGGRESSIVE;
				GCC_WARN_UNUSED_FUNCTION = YES;
				GCC_WARN_UNUSED_VARIABLE = YES;
				IPHONEOS_DEPLOYMENT_TARGET = 14.5;
				MTL_ENABLE_DEBUG_INFO = INCLUDE_SOURCE;
				MTL_FAST_MATH = YES;
				ONLY_ACTIVE_ARCH = YES;
				SDKROOT = iphoneos;
				SWIFT_ACTIVE_COMPILATION_CONDITIONS = DEBUG;
				SWIFT_OPTIMIZATION_LEVEL = "-Onone";
			};
			name = Debug;
		};
		C7FFD7F52647B18B000D447C /* Release */ = {
			isa = XCBuildConfiguration;
			buildSettings = {
				ALWAYS_SEARCH_USER_PATHS = NO;
				CLANG_ANALYZER_NONNULL = YES;
				CLANG_ANALYZER_NUMBER_OBJECT_CONVERSION = YES_AGGRESSIVE;
				CLANG_CXX_LANGUAGE_STANDARD = "gnu++14";
				CLANG_CXX_LIBRARY = "libc++";
				CLANG_ENABLE_MODULES = YES;
				CLANG_ENABLE_OBJC_ARC = YES;
				CLANG_ENABLE_OBJC_WEAK = YES;
				CLANG_WARN_BLOCK_CAPTURE_AUTORELEASING = YES;
				CLANG_WARN_BOOL_CONVERSION = YES;
				CLANG_WARN_COMMA = YES;
				CLANG_WARN_CONSTANT_CONVERSION = YES;
				CLANG_WARN_DEPRECATED_OBJC_IMPLEMENTATIONS = YES;
				CLANG_WARN_DIRECT_OBJC_ISA_USAGE = YES_ERROR;
				CLANG_WARN_DOCUMENTATION_COMMENTS = YES;
				CLANG_WARN_EMPTY_BODY = YES;
				CLANG_WARN_ENUM_CONVERSION = YES;
				CLANG_WARN_INFINITE_RECURSION = YES;
				CLANG_WARN_INT_CONVERSION = YES;
				CLANG_WARN_NON_LITERAL_NULL_CONVERSION = YES;
				CLANG_WARN_OBJC_IMPLICIT_RETAIN_SELF = YES;
				CLANG_WARN_OBJC_LITERAL_CONVERSION = YES;
				CLANG_WARN_OBJC_ROOT_CLASS = YES_ERROR;
				CLANG_WARN_QUOTED_INCLUDE_IN_FRAMEWORK_HEADER = YES;
				CLANG_WARN_RANGE_LOOP_ANALYSIS = YES;
				CLANG_WARN_STRICT_PROTOTYPES = YES;
				CLANG_WARN_SUSPICIOUS_MOVE = YES;
				CLANG_WARN_UNGUARDED_AVAILABILITY = YES_AGGRESSIVE;
				CLANG_WARN_UNREACHABLE_CODE = YES;
				CLANG_WARN__DUPLICATE_METHOD_MATCH = YES;
				COPY_PHASE_STRIP = NO;
				DEBUG_INFORMATION_FORMAT = "dwarf-with-dsym";
				ENABLE_NS_ASSERTIONS = NO;
				ENABLE_STRICT_OBJC_MSGSEND = YES;
				GCC_C_LANGUAGE_STANDARD = gnu11;
				GCC_NO_COMMON_BLOCKS = YES;
				GCC_WARN_64_TO_32_BIT_CONVERSION = YES;
				GCC_WARN_ABOUT_RETURN_TYPE = YES_ERROR;
				GCC_WARN_UNDECLARED_SELECTOR = YES;
				GCC_WARN_UNINITIALIZED_AUTOS = YES_AGGRESSIVE;
				GCC_WARN_UNUSED_FUNCTION = YES;
				GCC_WARN_UNUSED_VARIABLE = YES;
				IPHONEOS_DEPLOYMENT_TARGET = 14.5;
				MTL_ENABLE_DEBUG_INFO = NO;
				MTL_FAST_MATH = YES;
				SDKROOT = iphoneos;
				SWIFT_COMPILATION_MODE = wholemodule;
				SWIFT_OPTIMIZATION_LEVEL = "-O";
				VALIDATE_PRODUCT = YES;
			};
			name = Release;
		};
		C7FFD7F72647B18B000D447C /* Debug */ = {
			isa = XCBuildConfiguration;
			buildSettings = {
				ASSETCATALOG_COMPILER_APPICON_NAME = AppIcon;
				ASSETCATALOG_COMPILER_GLOBAL_ACCENT_COLOR_NAME = AccentColor;
				CODE_SIGN_STYLE = Automatic;
				INFOPLIST_FILE = ShoppingApp/Info.plist;
				LD_RUNPATH_SEARCH_PATHS = (
					"$(inherited)",
					"@executable_path/Frameworks",
				);
				PRODUCT_BUNDLE_IDENTIFIER = come.edu.ShoppingApp;
				PRODUCT_NAME = "$(TARGET_NAME)";
				SWIFT_VERSION = 5.0;
				TARGETED_DEVICE_FAMILY = "1,2";
			};
			name = Debug;
		};
		C7FFD7F82647B18B000D447C /* Release */ = {
			isa = XCBuildConfiguration;
			buildSettings = {
				ASSETCATALOG_COMPILER_APPICON_NAME = AppIcon;
				ASSETCATALOG_COMPILER_GLOBAL_ACCENT_COLOR_NAME = AccentColor;
				CODE_SIGN_STYLE = Automatic;
				INFOPLIST_FILE = ShoppingApp/Info.plist;
				LD_RUNPATH_SEARCH_PATHS = (
					"$(inherited)",
					"@executable_path/Frameworks",
				);
				PRODUCT_BUNDLE_IDENTIFIER = come.edu.ShoppingApp;
				PRODUCT_NAME = "$(TARGET_NAME)";
				SWIFT_VERSION = 5.0;
				TARGETED_DEVICE_FAMILY = "1,2";
			};
			name = Release;
		};
		C7FFD7FA2647B18B000D447C /* Debug */ = {
			isa = XCBuildConfiguration;
			buildSettings = {
				ALWAYS_EMBED_SWIFT_STANDARD_LIBRARIES = YES;
				BUNDLE_LOADER = "$(TEST_HOST)";
				CODE_SIGN_STYLE = Automatic;
				INFOPLIST_FILE = ShoppingAppTests/Info.plist;
				IPHONEOS_DEPLOYMENT_TARGET = 14.5;
				LD_RUNPATH_SEARCH_PATHS = (
					"$(inherited)",
					"@executable_path/Frameworks",
					"@loader_path/Frameworks",
				);
				PRODUCT_BUNDLE_IDENTIFIER = come.edu.ShoppingAppTests;
				PRODUCT_NAME = "$(TARGET_NAME)";
				SWIFT_VERSION = 5.0;
				TARGETED_DEVICE_FAMILY = "1,2";
				TEST_HOST = "$(BUILT_PRODUCTS_DIR)/ShoppingApp.app/ShoppingApp";
			};
			name = Debug;
		};
		C7FFD7FB2647B18B000D447C /* Release */ = {
			isa = XCBuildConfiguration;
			buildSettings = {
				ALWAYS_EMBED_SWIFT_STANDARD_LIBRARIES = YES;
				BUNDLE_LOADER = "$(TEST_HOST)";
				CODE_SIGN_STYLE = Automatic;
				INFOPLIST_FILE = ShoppingAppTests/Info.plist;
				IPHONEOS_DEPLOYMENT_TARGET = 14.5;
				LD_RUNPATH_SEARCH_PATHS = (
					"$(inherited)",
					"@executable_path/Frameworks",
					"@loader_path/Frameworks",
				);
				PRODUCT_BUNDLE_IDENTIFIER = come.edu.ShoppingAppTests;
				PRODUCT_NAME = "$(TARGET_NAME)";
				SWIFT_VERSION = 5.0;
				TARGETED_DEVICE_FAMILY = "1,2";
				TEST_HOST = "$(BUILT_PRODUCTS_DIR)/ShoppingApp.app/ShoppingApp";
			};
			name = Release;
		};
		C7FFD7FD2647B18B000D447C /* Debug */ = {
			isa = XCBuildConfiguration;
			buildSettings = {
				ALWAYS_EMBED_SWIFT_STANDARD_LIBRARIES = YES;
				CODE_SIGN_STYLE = Automatic;
				INFOPLIST_FILE = ShoppingAppUITests/Info.plist;
				LD_RUNPATH_SEARCH_PATHS = (
					"$(inherited)",
					"@executable_path/Frameworks",
					"@loader_path/Frameworks",
				);
				PRODUCT_BUNDLE_IDENTIFIER = come.edu.ShoppingAppUITests;
				PRODUCT_NAME = "$(TARGET_NAME)";
				SWIFT_VERSION = 5.0;
				TARGETED_DEVICE_FAMILY = "1,2";
				TEST_TARGET_NAME = ShoppingApp;
			};
			name = Debug;
		};
		C7FFD7FE2647B18B000D447C /* Release */ = {
			isa = XCBuildConfiguration;
			buildSettings = {
				ALWAYS_EMBED_SWIFT_STANDARD_LIBRARIES = YES;
				CODE_SIGN_STYLE = Automatic;
				INFOPLIST_FILE = ShoppingAppUITests/Info.plist;
				LD_RUNPATH_SEARCH_PATHS = (
					"$(inherited)",
					"@executable_path/Frameworks",
					"@loader_path/Frameworks",
				);
				PRODUCT_BUNDLE_IDENTIFIER = come.edu.ShoppingAppUITests;
				PRODUCT_NAME = "$(TARGET_NAME)";
				SWIFT_VERSION = 5.0;
				TARGETED_DEVICE_FAMILY = "1,2";
				TEST_TARGET_NAME = ShoppingApp;
			};
			name = Release;
		};
/* End XCBuildConfiguration section */

/* Begin XCConfigurationList section */
		C7FFD7C42647B18A000D447C /* Build configuration list for PBXProject "ShoppingApp" */ = {
			isa = XCConfigurationList;
			buildConfigurations = (
				C7FFD7F42647B18B000D447C /* Debug */,
				C7FFD7F52647B18B000D447C /* Release */,
			);
			defaultConfigurationIsVisible = 0;
			defaultConfigurationName = Release;
		};
		C7FFD7F62647B18B000D447C /* Build configuration list for PBXNativeTarget "ShoppingApp" */ = {
			isa = XCConfigurationList;
			buildConfigurations = (
				C7FFD7F72647B18B000D447C /* Debug */,
				C7FFD7F82647B18B000D447C /* Release */,
			);
			defaultConfigurationIsVisible = 0;
			defaultConfigurationName = Release;
		};
		C7FFD7F92647B18B000D447C /* Build configuration list for PBXNativeTarget "ShoppingAppTests" */ = {
			isa = XCConfigurationList;
			buildConfigurations = (
				C7FFD7FA2647B18B000D447C /* Debug */,
				C7FFD7FB2647B18B000D447C /* Release */,
			);
			defaultConfigurationIsVisible = 0;
			defaultConfigurationName = Release;
		};
		C7FFD7FC2647B18B000D447C /* Build configuration list for PBXNativeTarget "ShoppingAppUITests" */ = {
			isa = XCConfigurationList;
			buildConfigurations = (
				C7FFD7FD2647B18B000D447C /* Debug */,
				C7FFD7FE2647B18B000D447C /* Release */,
			);
			defaultConfigurationIsVisible = 0;
			defaultConfigurationName = Release;
		};
/* End XCConfigurationList section */

/* Begin XCRemoteSwiftPackageReference section */
		C70E9266266FA4AD00E0DB05 /* XCRemoteSwiftPackageReference "Commons" */ = {
			isa = XCRemoteSwiftPackageReference;
			repositoryURL = "https://github.com/rashidbinlatheef/Commons";
			requirement = {
				kind = upToNextMajorVersion;
				minimumVersion = 1.0.0;
			};
		};
/* End XCRemoteSwiftPackageReference section */

/* Begin XCSwiftPackageProductDependency section */
		C70E9267266FA4AD00E0DB05 /* Commons */ = {
			isa = XCSwiftPackageProductDependency;
			package = C70E9266266FA4AD00E0DB05 /* XCRemoteSwiftPackageReference "Commons" */;
			productName = Commons;
		};
/* End XCSwiftPackageProductDependency section */

/* Begin XCVersionGroup section */
		C7FFD7D52647B18A000D447C /* ShoppingApp.xcdatamodeld */ = {
			isa = XCVersionGroup;
			children = (
				C7FFD7D62647B18A000D447C /* ShoppingApp.xcdatamodel */,
			);
			currentVersion = C7FFD7D62647B18A000D447C /* ShoppingApp.xcdatamodel */;
			path = ShoppingApp.xcdatamodeld;
			sourceTree = "<group>";
			versionGroupType = wrapper.xcdatamodel;
		};
/* End XCVersionGroup section */
	};
	rootObject = C7FFD7C12647B18A000D447C /* Project object */;
}
