// !$*UTF8*$!
{
	archiveVersion = 1;
	classes = {
	};
	objectVersion = 50;
	objects = {

/* Begin PBXBuildFile section */
		C70E91912667970A00E0DB05 /* OnboardingUIModuleFactory.swift in Sources */ = {isa = PBXBuildFile; fileRef = C70E91902667970A00E0DB05 /* OnboardingUIModuleFactory.swift */; };
		C70E91BF2668BF4C00E0DB05 /* Commons.framework in Frameworks */ = {isa = PBXBuildFile; fileRef = C70E91BE2668BF4C00E0DB05 /* Commons.framework */; };
		C76EEB50264D997400C16419 /* ShoppingAPI.framework in Frameworks */ = {isa = PBXBuildFile; fileRef = C76EEB4F264D997400C16419 /* ShoppingAPI.framework */; };
		C76EEB51264D997400C16419 /* ShoppingAPI.framework in Embed Frameworks */ = {isa = PBXBuildFile; fileRef = C76EEB4F264D997400C16419 /* ShoppingAPI.framework */; settings = {ATTRIBUTES = (CodeSignOnCopy, RemoveHeadersOnCopy, ); }; };
		C7FFD87F2647B22E000D447C /* OnboardingUI.framework in Frameworks */ = {isa = PBXBuildFile; fileRef = C7FFD8752647B22E000D447C /* OnboardingUI.framework */; };
		C7FFD8842647B22E000D447C /* OnboardingUITests.swift in Sources */ = {isa = PBXBuildFile; fileRef = C7FFD8832647B22E000D447C /* OnboardingUITests.swift */; };
		C7FFD8862647B22E000D447C /* OnboardingUI.h in Headers */ = {isa = PBXBuildFile; fileRef = C7FFD8782647B22E000D447C /* OnboardingUI.h */; settings = {ATTRIBUTES = (Public, ); }; };
		C7FFD98B2647C20B000D447C /* SignIn.storyboard in Resources */ = {isa = PBXBuildFile; fileRef = C7FFD9892647C20B000D447C /* SignIn.storyboard */; };
		C7FFD98C2647C20B000D447C /* SignInViewController.swift in Sources */ = {isa = PBXBuildFile; fileRef = C7FFD98A2647C20B000D447C /* SignInViewController.swift */; };
		C7FFD98F2647C253000D447C /* OnboardingUI+Interfaces.swift in Sources */ = {isa = PBXBuildFile; fileRef = C7FFD98E2647C253000D447C /* OnboardingUI+Interfaces.swift */; };
		C7FFD9B42647C73F000D447C /* CreateAccountCoordinator.swift in Sources */ = {isa = PBXBuildFile; fileRef = C7FFD9B32647C73F000D447C /* CreateAccountCoordinator.swift */; };
		C7FFD9CB2647F771000D447C /* CreateAccountViewController.swift in Sources */ = {isa = PBXBuildFile; fileRef = C7FFD9CA2647F771000D447C /* CreateAccountViewController.swift */; };
		C7FFD9CD2647F8EE000D447C /* SignInCoordinator.swift in Sources */ = {isa = PBXBuildFile; fileRef = C7FFD9CC2647F8EE000D447C /* SignInCoordinator.swift */; };
/* End PBXBuildFile section */

/* Begin PBXContainerItemProxy section */
		C7FFD8802647B22E000D447C /* PBXContainerItemProxy */ = {
			isa = PBXContainerItemProxy;
			containerPortal = C7FFD86C2647B22E000D447C /* Project object */;
			proxyType = 1;
			remoteGlobalIDString = C7FFD8742647B22E000D447C;
			remoteInfo = Onboarding;
		};
/* End PBXContainerItemProxy section */

/* Begin PBXCopyFilesBuildPhase section */
		C7FFD9A32647C47C000D447C /* Embed Frameworks */ = {
			isa = PBXCopyFilesBuildPhase;
			buildActionMask = 2147483647;
			dstPath = "";
			dstSubfolderSpec = 10;
			files = (
				C76EEB51264D997400C16419 /* ShoppingAPI.framework in Embed Frameworks */,
			);
			name = "Embed Frameworks";
			runOnlyForDeploymentPostprocessing = 0;
		};
/* End PBXCopyFilesBuildPhase section */

/* Begin PBXFileReference section */
		C70E91902667970A00E0DB05 /* OnboardingUIModuleFactory.swift */ = {isa = PBXFileReference; lastKnownFileType = sourcecode.swift; path = OnboardingUIModuleFactory.swift; sourceTree = "<group>"; };
		C70E91BE2668BF4C00E0DB05 /* Commons.framework */ = {isa = PBXFileReference; explicitFileType = wrapper.framework; path = Commons.framework; sourceTree = BUILT_PRODUCTS_DIR; };
		C76EEADC264C56F800C16419 /* Commons.framework */ = {isa = PBXFileReference; explicitFileType = wrapper.framework; path = Commons.framework; sourceTree = BUILT_PRODUCTS_DIR; };
		C76EEB4F264D997400C16419 /* ShoppingAPI.framework */ = {isa = PBXFileReference; explicitFileType = wrapper.framework; path = ShoppingAPI.framework; sourceTree = BUILT_PRODUCTS_DIR; };
		C7FFD8752647B22E000D447C /* OnboardingUI.framework */ = {isa = PBXFileReference; explicitFileType = wrapper.framework; includeInIndex = 0; path = OnboardingUI.framework; sourceTree = BUILT_PRODUCTS_DIR; };
		C7FFD8782647B22E000D447C /* OnboardingUI.h */ = {isa = PBXFileReference; lastKnownFileType = sourcecode.c.h; path = OnboardingUI.h; sourceTree = "<group>"; };
		C7FFD8792647B22E000D447C /* Info.plist */ = {isa = PBXFileReference; lastKnownFileType = text.plist.xml; path = Info.plist; sourceTree = "<group>"; };
		C7FFD87E2647B22E000D447C /* OnboardingUITests.xctest */ = {isa = PBXFileReference; explicitFileType = wrapper.cfbundle; includeInIndex = 0; path = OnboardingUITests.xctest; sourceTree = BUILT_PRODUCTS_DIR; };
		C7FFD8832647B22E000D447C /* OnboardingUITests.swift */ = {isa = PBXFileReference; lastKnownFileType = sourcecode.swift; path = OnboardingUITests.swift; sourceTree = "<group>"; };
		C7FFD8852647B22E000D447C /* Info.plist */ = {isa = PBXFileReference; lastKnownFileType = text.plist.xml; path = Info.plist; sourceTree = "<group>"; };
		C7FFD9892647C20B000D447C /* SignIn.storyboard */ = {isa = PBXFileReference; fileEncoding = 4; lastKnownFileType = file.storyboard; path = SignIn.storyboard; sourceTree = "<group>"; };
		C7FFD98A2647C20B000D447C /* SignInViewController.swift */ = {isa = PBXFileReference; fileEncoding = 4; lastKnownFileType = sourcecode.swift; path = SignInViewController.swift; sourceTree = "<group>"; };
		C7FFD98E2647C253000D447C /* OnboardingUI+Interfaces.swift */ = {isa = PBXFileReference; lastKnownFileType = sourcecode.swift; path = "OnboardingUI+Interfaces.swift"; sourceTree = "<group>"; };
		C7FFD9A02647C47C000D447C /* FlowController.framework */ = {isa = PBXFileReference; explicitFileType = wrapper.framework; path = FlowController.framework; sourceTree = BUILT_PRODUCTS_DIR; };
		C7FFD9B32647C73F000D447C /* CreateAccountCoordinator.swift */ = {isa = PBXFileReference; lastKnownFileType = sourcecode.swift; path = CreateAccountCoordinator.swift; sourceTree = "<group>"; };
		C7FFD9CA2647F771000D447C /* CreateAccountViewController.swift */ = {isa = PBXFileReference; lastKnownFileType = sourcecode.swift; path = CreateAccountViewController.swift; sourceTree = "<group>"; };
		C7FFD9CC2647F8EE000D447C /* SignInCoordinator.swift */ = {isa = PBXFileReference; lastKnownFileType = sourcecode.swift; path = SignInCoordinator.swift; sourceTree = "<group>"; };
/* End PBXFileReference section */

/* Begin PBXFrameworksBuildPhase section */
		C7FFD8722647B22E000D447C /* Frameworks */ = {
			isa = PBXFrameworksBuildPhase;
			buildActionMask = 2147483647;
			files = (
				C76EEB50264D997400C16419 /* ShoppingAPI.framework in Frameworks */,
				C70E91BF2668BF4C00E0DB05 /* Commons.framework in Frameworks */,
			);
			runOnlyForDeploymentPostprocessing = 0;
		};
		C7FFD87B2647B22E000D447C /* Frameworks */ = {
			isa = PBXFrameworksBuildPhase;
			buildActionMask = 2147483647;
			files = (
				C7FFD87F2647B22E000D447C /* OnboardingUI.framework in Frameworks */,
			);
			runOnlyForDeploymentPostprocessing = 0;
		};
/* End PBXFrameworksBuildPhase section */

/* Begin PBXGroup section */
		C70E918E266796E800E0DB05 /* SignIn */ = {
			isa = PBXGroup;
			children = (
				C7FFD9892647C20B000D447C /* SignIn.storyboard */,
				C7FFD98A2647C20B000D447C /* SignInViewController.swift */,
				C7FFD9CC2647F8EE000D447C /* SignInCoordinator.swift */,
			);
			path = SignIn;
			sourceTree = "<group>";
		};
		C70E918F266796F400E0DB05 /* Enrollment */ = {
			isa = PBXGroup;
			children = (
				C7FFD9B32647C73F000D447C /* CreateAccountCoordinator.swift */,
				C7FFD9CA2647F771000D447C /* CreateAccountViewController.swift */,
			);
			path = Enrollment;
			sourceTree = "<group>";
		};
		C7FFD86B2647B22E000D447C = {
			isa = PBXGroup;
			children = (
				C7FFD8772647B22E000D447C /* Onboarding */,
				C7FFD8822647B22E000D447C /* OnboardingUITests */,
				C7FFD8762647B22E000D447C /* Products */,
				C7FFD99F2647C47C000D447C /* Frameworks */,
			);
			sourceTree = "<group>";
		};
		C7FFD8762647B22E000D447C /* Products */ = {
			isa = PBXGroup;
			children = (
				C7FFD8752647B22E000D447C /* OnboardingUI.framework */,
				C7FFD87E2647B22E000D447C /* OnboardingUITests.xctest */,
			);
			name = Products;
			sourceTree = "<group>";
		};
		C7FFD8772647B22E000D447C /* Onboarding */ = {
			isa = PBXGroup;
			children = (
				C7FFD8782647B22E000D447C /* OnboardingUI.h */,
				C7FFD98D2647C224000D447C /* Interfaces */,
				C7FFD9882647C20B000D447C /* ViewControllers */,
				C7FFD8792647B22E000D447C /* Info.plist */,
			);
			path = Onboarding;
			sourceTree = "<group>";
		};
		C7FFD8822647B22E000D447C /* OnboardingUITests */ = {
			isa = PBXGroup;
			children = (
				C7FFD8832647B22E000D447C /* OnboardingUITests.swift */,
				C7FFD8852647B22E000D447C /* Info.plist */,
			);
			path = OnboardingUITests;
			sourceTree = "<group>";
		};
		C7FFD9882647C20B000D447C /* ViewControllers */ = {
			isa = PBXGroup;
			children = (
				C70E918F266796F400E0DB05 /* Enrollment */,
				C70E918E266796E800E0DB05 /* SignIn */,
			);
			path = ViewControllers;
			sourceTree = "<group>";
		};
		C7FFD98D2647C224000D447C /* Interfaces */ = {
			isa = PBXGroup;
			children = (
				C7FFD98E2647C253000D447C /* OnboardingUI+Interfaces.swift */,
				C70E91902667970A00E0DB05 /* OnboardingUIModuleFactory.swift */,
			);
			path = Interfaces;
			sourceTree = "<group>";
		};
		C7FFD99F2647C47C000D447C /* Frameworks */ = {
			isa = PBXGroup;
			children = (
				C70E91BE2668BF4C00E0DB05 /* Commons.framework */,
				C76EEB4F264D997400C16419 /* ShoppingAPI.framework */,
				C76EEADC264C56F800C16419 /* Commons.framework */,
				C7FFD9A02647C47C000D447C /* FlowController.framework */,
			);
			name = Frameworks;
			sourceTree = "<group>";
		};
/* End PBXGroup section */

/* Begin PBXHeadersBuildPhase section */
		C7FFD8702647B22E000D447C /* Headers */ = {
			isa = PBXHeadersBuildPhase;
			buildActionMask = 2147483647;
			files = (
				C7FFD8862647B22E000D447C /* OnboardingUI.h in Headers */,
			);
			runOnlyForDeploymentPostprocessing = 0;
		};
/* End PBXHeadersBuildPhase section */

/* Begin PBXNativeTarget section */
		C7FFD8742647B22E000D447C /* OnboardingUI */ = {
			isa = PBXNativeTarget;
			buildConfigurationList = C7FFD8892647B22E000D447C /* Build configuration list for PBXNativeTarget "OnboardingUI" */;
			buildPhases = (
				C7FFD8702647B22E000D447C /* Headers */,
				C7FFD8712647B22E000D447C /* Sources */,
				C7FFD8722647B22E000D447C /* Frameworks */,
				C7FFD8732647B22E000D447C /* Resources */,
				C7FFD9A32647C47C000D447C /* Embed Frameworks */,
			);
			buildRules = (
			);
			dependencies = (
			);
			name = OnboardingUI;
			productName = Onboarding;
			productReference = C7FFD8752647B22E000D447C /* OnboardingUI.framework */;
			productType = "com.apple.product-type.framework";
		};
		C7FFD87D2647B22E000D447C /* OnboardingUITests */ = {
			isa = PBXNativeTarget;
			buildConfigurationList = C7FFD88C2647B22E000D447C /* Build configuration list for PBXNativeTarget "OnboardingUITests" */;
			buildPhases = (
				C7FFD87A2647B22E000D447C /* Sources */,
				C7FFD87B2647B22E000D447C /* Frameworks */,
				C7FFD87C2647B22E000D447C /* Resources */,
			);
			buildRules = (
			);
			dependencies = (
				C7FFD8812647B22E000D447C /* PBXTargetDependency */,
			);
			name = OnboardingUITests;
			productName = OnboardingTests;
			productReference = C7FFD87E2647B22E000D447C /* OnboardingUITests.xctest */;
			productType = "com.apple.product-type.bundle.unit-test";
		};
/* End PBXNativeTarget section */

/* Begin PBXProject section */
		C7FFD86C2647B22E000D447C /* Project object */ = {
			isa = PBXProject;
			attributes = {
				LastSwiftUpdateCheck = 1250;
				LastUpgradeCheck = 1250;
				TargetAttributes = {
					C7FFD8742647B22E000D447C = {
						CreatedOnToolsVersion = 12.5;
					};
					C7FFD87D2647B22E000D447C = {
						CreatedOnToolsVersion = 12.5;
					};
				};
			};
			buildConfigurationList = C7FFD86F2647B22E000D447C /* Build configuration list for PBXProject "OnboardingUI" */;
			compatibilityVersion = "Xcode 9.3";
			developmentRegion = en;
			hasScannedForEncodings = 0;
			knownRegions = (
				en,
				Base,
			);
			mainGroup = C7FFD86B2647B22E000D447C;
			productRefGroup = C7FFD8762647B22E000D447C /* Products */;
			projectDirPath = "";
			projectRoot = "";
			targets = (
				C7FFD8742647B22E000D447C /* OnboardingUI */,
				C7FFD87D2647B22E000D447C /* OnboardingUITests */,
			);
		};
/* End PBXProject section */

/* Begin PBXResourcesBuildPhase section */
		C7FFD8732647B22E000D447C /* Resources */ = {
			isa = PBXResourcesBuildPhase;
			buildActionMask = 2147483647;
			files = (
				C7FFD98B2647C20B000D447C /* SignIn.storyboard in Resources */,
			);
			runOnlyForDeploymentPostprocessing = 0;
		};
		C7FFD87C2647B22E000D447C /* Resources */ = {
			isa = PBXResourcesBuildPhase;
			buildActionMask = 2147483647;
			files = (
			);
			runOnlyForDeploymentPostprocessing = 0;
		};
/* End PBXResourcesBuildPhase section */

/* Begin PBXSourcesBuildPhase section */
		C7FFD8712647B22E000D447C /* Sources */ = {
			isa = PBXSourcesBuildPhase;
			buildActionMask = 2147483647;
			files = (
				C7FFD9CB2647F771000D447C /* CreateAccountViewController.swift in Sources */,
				C70E91912667970A00E0DB05 /* OnboardingUIModuleFactory.swift in Sources */,
				C7FFD98F2647C253000D447C /* OnboardingUI+Interfaces.swift in Sources */,
				C7FFD9B42647C73F000D447C /* CreateAccountCoordinator.swift in Sources */,
				C7FFD98C2647C20B000D447C /* SignInViewController.swift in Sources */,
				C7FFD9CD2647F8EE000D447C /* SignInCoordinator.swift in Sources */,
			);
			runOnlyForDeploymentPostprocessing = 0;
		};
		C7FFD87A2647B22E000D447C /* Sources */ = {
			isa = PBXSourcesBuildPhase;
			buildActionMask = 2147483647;
			files = (
				C7FFD8842647B22E000D447C /* OnboardingUITests.swift in Sources */,
			);
			runOnlyForDeploymentPostprocessing = 0;
		};
/* End PBXSourcesBuildPhase section */

/* Begin PBXTargetDependency section */
		C7FFD8812647B22E000D447C /* PBXTargetDependency */ = {
			isa = PBXTargetDependency;
			target = C7FFD8742647B22E000D447C /* OnboardingUI */;
			targetProxy = C7FFD8802647B22E000D447C /* PBXContainerItemProxy */;
		};
/* End PBXTargetDependency section */

/* Begin XCBuildConfiguration section */
		C7FFD8872647B22E000D447C /* Debug */ = {
			isa = XCBuildConfiguration;
			buildSettings = {
				ALWAYS_SEARCH_USER_PATHS = NO;
				CLANG_ANALYZER_NONNULL = YES;
				CLANG_ANALYZER_NUMBER_OBJECT_CONVERSION = YES_AGGRESSIVE;
				CLANG_CXX_LANGUAGE_STANDARD = "gnu++14";
				CLANG_CXX_LIBRARY = "libc++";
				CLANG_ENABLE_MODULES = YES;
				CLANG_ENABLE_OBJC_ARC = YES;
				CLANG_ENABLE_OBJC_WEAK = YES;
				CLANG_WARN_BLOCK_CAPTURE_AUTORELEASING = YES;
				CLANG_WARN_BOOL_CONVERSION = YES;
				CLANG_WARN_COMMA = YES;
				CLANG_WARN_CONSTANT_CONVERSION = YES;
				CLANG_WARN_DEPRECATED_OBJC_IMPLEMENTATIONS = YES;
				CLANG_WARN_DIRECT_OBJC_ISA_USAGE = YES_ERROR;
				CLANG_WARN_DOCUMENTATION_COMMENTS = YES;
				CLANG_WARN_EMPTY_BODY = YES;
				CLANG_WARN_ENUM_CONVERSION = YES;
				CLANG_WARN_INFINITE_RECURSION = YES;
				CLANG_WARN_INT_CONVERSION = YES;
				CLANG_WARN_NON_LITERAL_NULL_CONVERSION = YES;
				CLANG_WARN_OBJC_IMPLICIT_RETAIN_SELF = YES;
				CLANG_WARN_OBJC_LITERAL_CONVERSION = YES;
				CLANG_WARN_OBJC_ROOT_CLASS = YES_ERROR;
				CLANG_WARN_QUOTED_INCLUDE_IN_FRAMEWORK_HEADER = YES;
				CLANG_WARN_RANGE_LOOP_ANALYSIS = YES;
				CLANG_WARN_STRICT_PROTOTYPES = YES;
				CLANG_WARN_SUSPICIOUS_MOVE = YES;
				CLANG_WARN_UNGUARDED_AVAILABILITY = YES_AGGRESSIVE;
				CLANG_WARN_UNREACHABLE_CODE = YES;
				CLANG_WARN__DUPLICATE_METHOD_MATCH = YES;
				COPY_PHASE_STRIP = NO;
				CURRENT_PROJECT_VERSION = 1;
				DEBUG_INFORMATION_FORMAT = dwarf;
				ENABLE_STRICT_OBJC_MSGSEND = YES;
				ENABLE_TESTABILITY = YES;
				GCC_C_LANGUAGE_STANDARD = gnu11;
				GCC_DYNAMIC_NO_PIC = NO;
				GCC_NO_COMMON_BLOCKS = YES;
				GCC_OPTIMIZATION_LEVEL = 0;
				GCC_PREPROCESSOR_DEFINITIONS = (
					"DEBUG=1",
					"$(inherited)",
				);
				GCC_WARN_64_TO_32_BIT_CONVERSION = YES;
				GCC_WARN_ABOUT_RETURN_TYPE = YES_ERROR;
				GCC_WARN_UNDECLARED_SELECTOR = YES;
				GCC_WARN_UNINITIALIZED_AUTOS = YES_AGGRESSIVE;
				GCC_WARN_UNUSED_FUNCTION = YES;
				GCC_WARN_UNUSED_VARIABLE = YES;
				IPHONEOS_DEPLOYMENT_TARGET = 14.5;
				MTL_ENABLE_DEBUG_INFO = INCLUDE_SOURCE;
				MTL_FAST_MATH = YES;
				ONLY_ACTIVE_ARCH = YES;
				SDKROOT = iphoneos;
				SWIFT_ACTIVE_COMPILATION_CONDITIONS = DEBUG;
				SWIFT_OPTIMIZATION_LEVEL = "-Onone";
				VERSIONING_SYSTEM = "apple-generic";
				VERSION_INFO_PREFIX = "";
			};
			name = Debug;
		};
		C7FFD8882647B22E000D447C /* Release */ = {
			isa = XCBuildConfiguration;
			buildSettings = {
				ALWAYS_SEARCH_USER_PATHS = NO;
				CLANG_ANALYZER_NONNULL = YES;
				CLANG_ANALYZER_NUMBER_OBJECT_CONVERSION = YES_AGGRESSIVE;
				CLANG_CXX_LANGUAGE_STANDARD = "gnu++14";
				CLANG_CXX_LIBRARY = "libc++";
				CLANG_ENABLE_MODULES = YES;
				CLANG_ENABLE_OBJC_ARC = YES;
				CLANG_ENABLE_OBJC_WEAK = YES;
				CLANG_WARN_BLOCK_CAPTURE_AUTORELEASING = YES;
				CLANG_WARN_BOOL_CONVERSION = YES;
				CLANG_WARN_COMMA = YES;
				CLANG_WARN_CONSTANT_CONVERSION = YES;
				CLANG_WARN_DEPRECATED_OBJC_IMPLEMENTATIONS = YES;
				CLANG_WARN_DIRECT_OBJC_ISA_USAGE = YES_ERROR;
				CLANG_WARN_DOCUMENTATION_COMMENTS = YES;
				CLANG_WARN_EMPTY_BODY = YES;
				CLANG_WARN_ENUM_CONVERSION = YES;
				CLANG_WARN_INFINITE_RECURSION = YES;
				CLANG_WARN_INT_CONVERSION = YES;
				CLANG_WARN_NON_LITERAL_NULL_CONVERSION = YES;
				CLANG_WARN_OBJC_IMPLICIT_RETAIN_SELF = YES;
				CLANG_WARN_OBJC_LITERAL_CONVERSION = YES;
				CLANG_WARN_OBJC_ROOT_CLASS = YES_ERROR;
				CLANG_WARN_QUOTED_INCLUDE_IN_FRAMEWORK_HEADER = YES;
				CLANG_WARN_RANGE_LOOP_ANALYSIS = YES;
				CLANG_WARN_STRICT_PROTOTYPES = YES;
				CLANG_WARN_SUSPICIOUS_MOVE = YES;
				CLANG_WARN_UNGUARDED_AVAILABILITY = YES_AGGRESSIVE;
				CLANG_WARN_UNREACHABLE_CODE = YES;
				CLANG_WARN__DUPLICATE_METHOD_MATCH = YES;
				COPY_PHASE_STRIP = NO;
				CURRENT_PROJECT_VERSION = 1;
				DEBUG_INFORMATION_FORMAT = "dwarf-with-dsym";
				ENABLE_NS_ASSERTIONS = NO;
				ENABLE_STRICT_OBJC_MSGSEND = YES;
				GCC_C_LANGUAGE_STANDARD = gnu11;
				GCC_NO_COMMON_BLOCKS = YES;
				GCC_WARN_64_TO_32_BIT_CONVERSION = YES;
				GCC_WARN_ABOUT_RETURN_TYPE = YES_ERROR;
				GCC_WARN_UNDECLARED_SELECTOR = YES;
				GCC_WARN_UNINITIALIZED_AUTOS = YES_AGGRESSIVE;
				GCC_WARN_UNUSED_FUNCTION = YES;
				GCC_WARN_UNUSED_VARIABLE = YES;
				IPHONEOS_DEPLOYMENT_TARGET = 14.5;
				MTL_ENABLE_DEBUG_INFO = NO;
				MTL_FAST_MATH = YES;
				SDKROOT = iphoneos;
				SWIFT_COMPILATION_MODE = wholemodule;
				SWIFT_OPTIMIZATION_LEVEL = "-O";
				VALIDATE_PRODUCT = YES;
				VERSIONING_SYSTEM = "apple-generic";
				VERSION_INFO_PREFIX = "";
			};
			name = Release;
		};
		C7FFD88A2647B22E000D447C /* Debug */ = {
			isa = XCBuildConfiguration;
			buildSettings = {
				CODE_SIGN_STYLE = Automatic;
				DEFINES_MODULE = YES;
				DYLIB_COMPATIBILITY_VERSION = 1;
				DYLIB_CURRENT_VERSION = 1;
				DYLIB_INSTALL_NAME_BASE = "@rpath";
				INFOPLIST_FILE = Onboarding/Info.plist;
				INSTALL_PATH = "$(LOCAL_LIBRARY_DIR)/Frameworks";
				LD_RUNPATH_SEARCH_PATHS = (
					"$(inherited)",
					"@executable_path/Frameworks",
					"@loader_path/Frameworks",
				);
				PRODUCT_BUNDLE_IDENTIFIER = come.edu.Onboarding;
				PRODUCT_NAME = "$(TARGET_NAME:c99extidentifier)";
				SKIP_INSTALL = YES;
				SWIFT_VERSION = 5.0;
				TARGETED_DEVICE_FAMILY = "1,2";
			};
			name = Debug;
		};
		C7FFD88B2647B22E000D447C /* Release */ = {
			isa = XCBuildConfiguration;
			buildSettings = {
				CODE_SIGN_STYLE = Automatic;
				DEFINES_MODULE = YES;
				DYLIB_COMPATIBILITY_VERSION = 1;
				DYLIB_CURRENT_VERSION = 1;
				DYLIB_INSTALL_NAME_BASE = "@rpath";
				INFOPLIST_FILE = Onboarding/Info.plist;
				INSTALL_PATH = "$(LOCAL_LIBRARY_DIR)/Frameworks";
				LD_RUNPATH_SEARCH_PATHS = (
					"$(inherited)",
					"@executable_path/Frameworks",
					"@loader_path/Frameworks",
				);
				PRODUCT_BUNDLE_IDENTIFIER = come.edu.Onboarding;
				PRODUCT_NAME = "$(TARGET_NAME:c99extidentifier)";
				SKIP_INSTALL = YES;
				SWIFT_VERSION = 5.0;
				TARGETED_DEVICE_FAMILY = "1,2";
			};
			name = Release;
		};
		C7FFD88D2647B22E000D447C /* Debug */ = {
			isa = XCBuildConfiguration;
			buildSettings = {
				ALWAYS_EMBED_SWIFT_STANDARD_LIBRARIES = YES;
				CODE_SIGN_STYLE = Automatic;
				INFOPLIST_FILE = OnboardingUITests/Info.plist;
				LD_RUNPATH_SEARCH_PATHS = (
					"$(inherited)",
					"@executable_path/Frameworks",
					"@loader_path/Frameworks",
				);
				PRODUCT_BUNDLE_IDENTIFIER = come.edu.OnboardingUITests;
				PRODUCT_NAME = "$(TARGET_NAME)";
				SWIFT_VERSION = 5.0;
				TARGETED_DEVICE_FAMILY = "1,2";
			};
			name = Debug;
		};
		C7FFD88E2647B22E000D447C /* Release */ = {
			isa = XCBuildConfiguration;
			buildSettings = {
				ALWAYS_EMBED_SWIFT_STANDARD_LIBRARIES = YES;
				CODE_SIGN_STYLE = Automatic;
				INFOPLIST_FILE = OnboardingUITests/Info.plist;
				LD_RUNPATH_SEARCH_PATHS = (
					"$(inherited)",
					"@executable_path/Frameworks",
					"@loader_path/Frameworks",
				);
				PRODUCT_BUNDLE_IDENTIFIER = come.edu.OnboardingUITests;
				PRODUCT_NAME = "$(TARGET_NAME)";
				SWIFT_VERSION = 5.0;
				TARGETED_DEVICE_FAMILY = "1,2";
			};
			name = Release;
		};
/* End XCBuildConfiguration section */

/* Begin XCConfigurationList section */
		C7FFD86F2647B22E000D447C /* Build configuration list for PBXProject "OnboardingUI" */ = {
			isa = XCConfigurationList;
			buildConfigurations = (
				C7FFD8872647B22E000D447C /* Debug */,
				C7FFD8882647B22E000D447C /* Release */,
			);
			defaultConfigurationIsVisible = 0;
			defaultConfigurationName = Release;
		};
		C7FFD8892647B22E000D447C /* Build configuration list for PBXNativeTarget "OnboardingUI" */ = {
			isa = XCConfigurationList;
			buildConfigurations = (
				C7FFD88A2647B22E000D447C /* Debug */,
				C7FFD88B2647B22E000D447C /* Release */,
			);
			defaultConfigurationIsVisible = 0;
			defaultConfigurationName = Release;
		};
		C7FFD88C2647B22E000D447C /* Build configuration list for PBXNativeTarget "OnboardingUITests" */ = {
			isa = XCConfigurationList;
			buildConfigurations = (
				C7FFD88D2647B22E000D447C /* Debug */,
				C7FFD88E2647B22E000D447C /* Release */,
			);
			defaultConfigurationIsVisible = 0;
			defaultConfigurationName = Release;
		};
/* End XCConfigurationList section */
	};
	rootObject = C7FFD86C2647B22E000D447C /* Project object */;
}
