// !$*UTF8*$!
{
	archiveVersion = 1;
	classes = {
	};
	objectVersion = 50;
	objects = {

/* Begin PBXBuildFile section */
		C70E91932667973F00E0DB05 /* ProfileUIModuleFactory.swift in Sources */ = {isa = PBXBuildFile; fileRef = C70E91922667973F00E0DB05 /* ProfileUIModuleFactory.swift */; };
		C7FFD8C72647B27E000D447C /* ProfileUI.framework in Frameworks */ = {isa = PBXBuildFile; fileRef = C7FFD8BD2647B27D000D447C /* ProfileUI.framework */; };
		C7FFD8CC2647B27E000D447C /* ProfileUITests.swift in Sources */ = {isa = PBXBuildFile; fileRef = C7FFD8CB2647B27E000D447C /* ProfileUITests.swift */; };
		C7FFD8CE2647B27E000D447C /* ProfileUI.h in Headers */ = {isa = PBXBuildFile; fileRef = C7FFD8C02647B27D000D447C /* ProfileUI.h */; settings = {ATTRIBUTES = (Public, ); }; };
		C7FFD9922647C29B000D447C /* ProfileUI+Interfaces.swift in Sources */ = {isa = PBXBuildFile; fileRef = C7FFD9912647C29B000D447C /* ProfileUI+Interfaces.swift */; };
		C7FFD9AB2647C48A000D447C /* FlowController.framework in Frameworks */ = {isa = PBXBuildFile; fileRef = C7FFD9AA2647C48A000D447C /* FlowController.framework */; };
		C7FFD9AC2647C48A000D447C /* FlowController.framework in Embed Frameworks */ = {isa = PBXBuildFile; fileRef = C7FFD9AA2647C48A000D447C /* FlowController.framework */; settings = {ATTRIBUTES = (CodeSignOnCopy, RemoveHeadersOnCopy, ); }; };
		C7FFD9BF2647C87C000D447C /* ProfileViewController.swift in Sources */ = {isa = PBXBuildFile; fileRef = C7FFD9BE2647C87C000D447C /* ProfileViewController.swift */; };
		C7FFD9C12647C889000D447C /* Profile.storyboard in Resources */ = {isa = PBXBuildFile; fileRef = C7FFD9C02647C889000D447C /* Profile.storyboard */; };
		C7FFD9C92647CDFF000D447C /* ProfileCoordinator.swift in Sources */ = {isa = PBXBuildFile; fileRef = C7FFD9C82647CDFF000D447C /* ProfileCoordinator.swift */; };
/* End PBXBuildFile section */

/* Begin PBXContainerItemProxy section */
		C7FFD8C82647B27E000D447C /* PBXContainerItemProxy */ = {
			isa = PBXContainerItemProxy;
			containerPortal = C7FFD8B42647B27D000D447C /* Project object */;
			proxyType = 1;
			remoteGlobalIDString = C7FFD8BC2647B27D000D447C;
			remoteInfo = Profile;
		};
/* End PBXContainerItemProxy section */

/* Begin PBXCopyFilesBuildPhase section */
		C7FFD9AD2647C48A000D447C /* Embed Frameworks */ = {
			isa = PBXCopyFilesBuildPhase;
			buildActionMask = 2147483647;
			dstPath = "";
			dstSubfolderSpec = 10;
			files = (
				C7FFD9AC2647C48A000D447C /* FlowController.framework in Embed Frameworks */,
			);
			name = "Embed Frameworks";
			runOnlyForDeploymentPostprocessing = 0;
		};
/* End PBXCopyFilesBuildPhase section */

/* Begin PBXFileReference section */
		C70E91922667973F00E0DB05 /* ProfileUIModuleFactory.swift */ = {isa = PBXFileReference; lastKnownFileType = sourcecode.swift; path = ProfileUIModuleFactory.swift; sourceTree = "<group>"; };
		C7FFD8BD2647B27D000D447C /* ProfileUI.framework */ = {isa = PBXFileReference; explicitFileType = wrapper.framework; includeInIndex = 0; path = ProfileUI.framework; sourceTree = BUILT_PRODUCTS_DIR; };
		C7FFD8C02647B27D000D447C /* ProfileUI.h */ = {isa = PBXFileReference; lastKnownFileType = sourcecode.c.h; path = ProfileUI.h; sourceTree = "<group>"; };
		C7FFD8C12647B27D000D447C /* Info.plist */ = {isa = PBXFileReference; lastKnownFileType = text.plist.xml; path = Info.plist; sourceTree = "<group>"; };
		C7FFD8C62647B27E000D447C /* ProfileUITests.xctest */ = {isa = PBXFileReference; explicitFileType = wrapper.cfbundle; includeInIndex = 0; path = ProfileUITests.xctest; sourceTree = BUILT_PRODUCTS_DIR; };
		C7FFD8CB2647B27E000D447C /* ProfileUITests.swift */ = {isa = PBXFileReference; lastKnownFileType = sourcecode.swift; path = ProfileUITests.swift; sourceTree = "<group>"; };
		C7FFD8CD2647B27E000D447C /* Info.plist */ = {isa = PBXFileReference; lastKnownFileType = text.plist.xml; path = Info.plist; sourceTree = "<group>"; };
		C7FFD9912647C29B000D447C /* ProfileUI+Interfaces.swift */ = {isa = PBXFileReference; lastKnownFileType = sourcecode.swift; path = "ProfileUI+Interfaces.swift"; sourceTree = "<group>"; };
		C7FFD9AA2647C48A000D447C /* FlowController.framework */ = {isa = PBXFileReference; explicitFileType = wrapper.framework; path = FlowController.framework; sourceTree = BUILT_PRODUCTS_DIR; };
		C7FFD9BE2647C87C000D447C /* ProfileViewController.swift */ = {isa = PBXFileReference; lastKnownFileType = sourcecode.swift; path = ProfileViewController.swift; sourceTree = "<group>"; };
		C7FFD9C02647C889000D447C /* Profile.storyboard */ = {isa = PBXFileReference; lastKnownFileType = file.storyboard; path = Profile.storyboard; sourceTree = "<group>"; };
		C7FFD9C82647CDFF000D447C /* ProfileCoordinator.swift */ = {isa = PBXFileReference; lastKnownFileType = sourcecode.swift; path = ProfileCoordinator.swift; sourceTree = "<group>"; };
/* End PBXFileReference section */

/* Begin PBXFrameworksBuildPhase section */
		C7FFD8BA2647B27D000D447C /* Frameworks */ = {
			isa = PBXFrameworksBuildPhase;
			buildActionMask = 2147483647;
			files = (
				C7FFD9AB2647C48A000D447C /* FlowController.framework in Frameworks */,
			);
			runOnlyForDeploymentPostprocessing = 0;
		};
		C7FFD8C32647B27E000D447C /* Frameworks */ = {
			isa = PBXFrameworksBuildPhase;
			buildActionMask = 2147483647;
			files = (
				C7FFD8C72647B27E000D447C /* ProfileUI.framework in Frameworks */,
			);
			runOnlyForDeploymentPostprocessing = 0;
		};
/* End PBXFrameworksBuildPhase section */

/* Begin PBXGroup section */
		C7FFD8B32647B27D000D447C = {
			isa = PBXGroup;
			children = (
				C7FFD8BF2647B27D000D447C /* Profile */,
				C7FFD8CA2647B27E000D447C /* ProfileUITests */,
				C7FFD8BE2647B27D000D447C /* Products */,
				C7FFD9A92647C48A000D447C /* Frameworks */,
			);
			sourceTree = "<group>";
		};
		C7FFD8BE2647B27D000D447C /* Products */ = {
			isa = PBXGroup;
			children = (
				C7FFD8BD2647B27D000D447C /* ProfileUI.framework */,
				C7FFD8C62647B27E000D447C /* ProfileUITests.xctest */,
			);
			name = Products;
			sourceTree = "<group>";
		};
		C7FFD8BF2647B27D000D447C /* Profile */ = {
			isa = PBXGroup;
			children = (
				C7FFD8C02647B27D000D447C /* ProfileUI.h */,
				C7FFD9902647C289000D447C /* Interfaces */,
				C7FFD9BD2647C85D000D447C /* ViewController */,
				C7FFD8C12647B27D000D447C /* Info.plist */,
			);
			path = Profile;
			sourceTree = "<group>";
		};
		C7FFD8CA2647B27E000D447C /* ProfileUITests */ = {
			isa = PBXGroup;
			children = (
				C7FFD8CB2647B27E000D447C /* ProfileUITests.swift */,
				C7FFD8CD2647B27E000D447C /* Info.plist */,
			);
			path = ProfileUITests;
			sourceTree = "<group>";
		};
		C7FFD9902647C289000D447C /* Interfaces */ = {
			isa = PBXGroup;
			children = (
				C7FFD9912647C29B000D447C /* ProfileUI+Interfaces.swift */,
				C70E91922667973F00E0DB05 /* ProfileUIModuleFactory.swift */,
			);
			path = Interfaces;
			sourceTree = "<group>";
		};
		C7FFD9A92647C48A000D447C /* Frameworks */ = {
			isa = PBXGroup;
			children = (
				C7FFD9AA2647C48A000D447C /* FlowController.framework */,
			);
			name = Frameworks;
			sourceTree = "<group>";
		};
		C7FFD9BD2647C85D000D447C /* ViewController */ = {
			isa = PBXGroup;
			children = (
				C7FFD9BE2647C87C000D447C /* ProfileViewController.swift */,
				C7FFD9C82647CDFF000D447C /* ProfileCoordinator.swift */,
				C7FFD9C02647C889000D447C /* Profile.storyboard */,
			);
			path = ViewController;
			sourceTree = "<group>";
		};
/* End PBXGroup section */

/* Begin PBXHeadersBuildPhase section */
		C7FFD8B82647B27D000D447C /* Headers */ = {
			isa = PBXHeadersBuildPhase;
			buildActionMask = 2147483647;
			files = (
				C7FFD8CE2647B27E000D447C /* ProfileUI.h in Headers */,
			);
			runOnlyForDeploymentPostprocessing = 0;
		};
/* End PBXHeadersBuildPhase section */

/* Begin PBXNativeTarget section */
		C7FFD8BC2647B27D000D447C /* ProfileUI */ = {
			isa = PBXNativeTarget;
			buildConfigurationList = C7FFD8D12647B27E000D447C /* Build configuration list for PBXNativeTarget "ProfileUI" */;
			buildPhases = (
				C7FFD8B82647B27D000D447C /* Headers */,
				C7FFD8B92647B27D000D447C /* Sources */,
				C7FFD8BA2647B27D000D447C /* Frameworks */,
				C7FFD8BB2647B27D000D447C /* Resources */,
				C7FFD9AD2647C48A000D447C /* Embed Frameworks */,
			);
			buildRules = (
			);
			dependencies = (
			);
			name = ProfileUI;
			productName = Profile;
			productReference = C7FFD8BD2647B27D000D447C /* ProfileUI.framework */;
			productType = "com.apple.product-type.framework";
		};
		C7FFD8C52647B27E000D447C /* ProfileUITests */ = {
			isa = PBXNativeTarget;
			buildConfigurationList = C7FFD8D42647B27E000D447C /* Build configuration list for PBXNativeTarget "ProfileUITests" */;
			buildPhases = (
				C7FFD8C22647B27E000D447C /* Sources */,
				C7FFD8C32647B27E000D447C /* Frameworks */,
				C7FFD8C42647B27E000D447C /* Resources */,
			);
			buildRules = (
			);
			dependencies = (
				C7FFD8C92647B27E000D447C /* PBXTargetDependency */,
			);
			name = ProfileUITests;
			productName = ProfileTests;
			productReference = C7FFD8C62647B27E000D447C /* ProfileUITests.xctest */;
			productType = "com.apple.product-type.bundle.unit-test";
		};
/* End PBXNativeTarget section */

/* Begin PBXProject section */
		C7FFD8B42647B27D000D447C /* Project object */ = {
			isa = PBXProject;
			attributes = {
				LastSwiftUpdateCheck = 1250;
				LastUpgradeCheck = 1250;
				TargetAttributes = {
					C7FFD8BC2647B27D000D447C = {
						CreatedOnToolsVersion = 12.5;
						LastSwiftMigration = 1250;
					};
					C7FFD8C52647B27E000D447C = {
						CreatedOnToolsVersion = 12.5;
					};
				};
			};
			buildConfigurationList = C7FFD8B72647B27D000D447C /* Build configuration list for PBXProject "ProfileUI" */;
			compatibilityVersion = "Xcode 9.3";
			developmentRegion = en;
			hasScannedForEncodings = 0;
			knownRegions = (
				en,
				Base,
			);
			mainGroup = C7FFD8B32647B27D000D447C;
			productRefGroup = C7FFD8BE2647B27D000D447C /* Products */;
			projectDirPath = "";
			projectRoot = "";
			targets = (
				C7FFD8BC2647B27D000D447C /* ProfileUI */,
				C7FFD8C52647B27E000D447C /* ProfileUITests */,
			);
		};
/* End PBXProject section */

/* Begin PBXResourcesBuildPhase section */
		C7FFD8BB2647B27D000D447C /* Resources */ = {
			isa = PBXResourcesBuildPhase;
			buildActionMask = 2147483647;
			files = (
				C7FFD9C12647C889000D447C /* Profile.storyboard in Resources */,
			);
			runOnlyForDeploymentPostprocessing = 0;
		};
		C7FFD8C42647B27E000D447C /* Resources */ = {
			isa = PBXResourcesBuildPhase;
			buildActionMask = 2147483647;
			files = (
			);
			runOnlyForDeploymentPostprocessing = 0;
		};
/* End PBXResourcesBuildPhase section */

/* Begin PBXSourcesBuildPhase section */
		C7FFD8B92647B27D000D447C /* Sources */ = {
			isa = PBXSourcesBuildPhase;
			buildActionMask = 2147483647;
			files = (
				C70E91932667973F00E0DB05 /* ProfileUIModuleFactory.swift in Sources */,
				C7FFD9BF2647C87C000D447C /* ProfileViewController.swift in Sources */,
				C7FFD9C92647CDFF000D447C /* ProfileCoordinator.swift in Sources */,
				C7FFD9922647C29B000D447C /* ProfileUI+Interfaces.swift in Sources */,
			);
			runOnlyForDeploymentPostprocessing = 0;
		};
		C7FFD8C22647B27E000D447C /* Sources */ = {
			isa = PBXSourcesBuildPhase;
			buildActionMask = 2147483647;
			files = (
				C7FFD8CC2647B27E000D447C /* ProfileUITests.swift in Sources */,
			);
			runOnlyForDeploymentPostprocessing = 0;
		};
/* End PBXSourcesBuildPhase section */

/* Begin PBXTargetDependency section */
		C7FFD8C92647B27E000D447C /* PBXTargetDependency */ = {
			isa = PBXTargetDependency;
			target = C7FFD8BC2647B27D000D447C /* ProfileUI */;
			targetProxy = C7FFD8C82647B27E000D447C /* PBXContainerItemProxy */;
		};
/* End PBXTargetDependency section */

/* Begin XCBuildConfiguration section */
		C7FFD8CF2647B27E000D447C /* Debug */ = {
			isa = XCBuildConfiguration;
			buildSettings = {
				ALWAYS_SEARCH_USER_PATHS = NO;
				CLANG_ANALYZER_NONNULL = YES;
				CLANG_ANALYZER_NUMBER_OBJECT_CONVERSION = YES_AGGRESSIVE;
				CLANG_CXX_LANGUAGE_STANDARD = "gnu++14";
				CLANG_CXX_LIBRARY = "libc++";
				CLANG_ENABLE_MODULES = YES;
				CLANG_ENABLE_OBJC_ARC = YES;
				CLANG_ENABLE_OBJC_WEAK = YES;
				CLANG_WARN_BLOCK_CAPTURE_AUTORELEASING = YES;
				CLANG_WARN_BOOL_CONVERSION = YES;
				CLANG_WARN_COMMA = YES;
				CLANG_WARN_CONSTANT_CONVERSION = YES;
				CLANG_WARN_DEPRECATED_OBJC_IMPLEMENTATIONS = YES;
				CLANG_WARN_DIRECT_OBJC_ISA_USAGE = YES_ERROR;
				CLANG_WARN_DOCUMENTATION_COMMENTS = YES;
				CLANG_WARN_EMPTY_BODY = YES;
				CLANG_WARN_ENUM_CONVERSION = YES;
				CLANG_WARN_INFINITE_RECURSION = YES;
				CLANG_WARN_INT_CONVERSION = YES;
				CLANG_WARN_NON_LITERAL_NULL_CONVERSION = YES;
				CLANG_WARN_OBJC_IMPLICIT_RETAIN_SELF = YES;
				CLANG_WARN_OBJC_LITERAL_CONVERSION = YES;
				CLANG_WARN_OBJC_ROOT_CLASS = YES_ERROR;
				CLANG_WARN_QUOTED_INCLUDE_IN_FRAMEWORK_HEADER = YES;
				CLANG_WARN_RANGE_LOOP_ANALYSIS = YES;
				CLANG_WARN_STRICT_PROTOTYPES = YES;
				CLANG_WARN_SUSPICIOUS_MOVE = YES;
				CLANG_WARN_UNGUARDED_AVAILABILITY = YES_AGGRESSIVE;
				CLANG_WARN_UNREACHABLE_CODE = YES;
				CLANG_WARN__DUPLICATE_METHOD_MATCH = YES;
				COPY_PHASE_STRIP = NO;
				CURRENT_PROJECT_VERSION = 1;
				DEBUG_INFORMATION_FORMAT = dwarf;
				ENABLE_STRICT_OBJC_MSGSEND = YES;
				ENABLE_TESTABILITY = YES;
				GCC_C_LANGUAGE_STANDARD = gnu11;
				GCC_DYNAMIC_NO_PIC = NO;
				GCC_NO_COMMON_BLOCKS = YES;
				GCC_OPTIMIZATION_LEVEL = 0;
				GCC_PREPROCESSOR_DEFINITIONS = (
					"DEBUG=1",
					"$(inherited)",
				);
				GCC_WARN_64_TO_32_BIT_CONVERSION = YES;
				GCC_WARN_ABOUT_RETURN_TYPE = YES_ERROR;
				GCC_WARN_UNDECLARED_SELECTOR = YES;
				GCC_WARN_UNINITIALIZED_AUTOS = YES_AGGRESSIVE;
				GCC_WARN_UNUSED_FUNCTION = YES;
				GCC_WARN_UNUSED_VARIABLE = YES;
				IPHONEOS_DEPLOYMENT_TARGET = 14.5;
				MTL_ENABLE_DEBUG_INFO = INCLUDE_SOURCE;
				MTL_FAST_MATH = YES;
				ONLY_ACTIVE_ARCH = YES;
				SDKROOT = iphoneos;
				SWIFT_ACTIVE_COMPILATION_CONDITIONS = DEBUG;
				SWIFT_OPTIMIZATION_LEVEL = "-Onone";
				VERSIONING_SYSTEM = "apple-generic";
				VERSION_INFO_PREFIX = "";
			};
			name = Debug;
		};
		C7FFD8D02647B27E000D447C /* Release */ = {
			isa = XCBuildConfiguration;
			buildSettings = {
				ALWAYS_SEARCH_USER_PATHS = NO;
				CLANG_ANALYZER_NONNULL = YES;
				CLANG_ANALYZER_NUMBER_OBJECT_CONVERSION = YES_AGGRESSIVE;
				CLANG_CXX_LANGUAGE_STANDARD = "gnu++14";
				CLANG_CXX_LIBRARY = "libc++";
				CLANG_ENABLE_MODULES = YES;
				CLANG_ENABLE_OBJC_ARC = YES;
				CLANG_ENABLE_OBJC_WEAK = YES;
				CLANG_WARN_BLOCK_CAPTURE_AUTORELEASING = YES;
				CLANG_WARN_BOOL_CONVERSION = YES;
				CLANG_WARN_COMMA = YES;
				CLANG_WARN_CONSTANT_CONVERSION = YES;
				CLANG_WARN_DEPRECATED_OBJC_IMPLEMENTATIONS = YES;
				CLANG_WARN_DIRECT_OBJC_ISA_USAGE = YES_ERROR;
				CLANG_WARN_DOCUMENTATION_COMMENTS = YES;
				CLANG_WARN_EMPTY_BODY = YES;
				CLANG_WARN_ENUM_CONVERSION = YES;
				CLANG_WARN_INFINITE_RECURSION = YES;
				CLANG_WARN_INT_CONVERSION = YES;
				CLANG_WARN_NON_LITERAL_NULL_CONVERSION = YES;
				CLANG_WARN_OBJC_IMPLICIT_RETAIN_SELF = YES;
				CLANG_WARN_OBJC_LITERAL_CONVERSION = YES;
				CLANG_WARN_OBJC_ROOT_CLASS = YES_ERROR;
				CLANG_WARN_QUOTED_INCLUDE_IN_FRAMEWORK_HEADER = YES;
				CLANG_WARN_RANGE_LOOP_ANALYSIS = YES;
				CLANG_WARN_STRICT_PROTOTYPES = YES;
				CLANG_WARN_SUSPICIOUS_MOVE = YES;
				CLANG_WARN_UNGUARDED_AVAILABILITY = YES_AGGRESSIVE;
				CLANG_WARN_UNREACHABLE_CODE = YES;
				CLANG_WARN__DUPLICATE_METHOD_MATCH = YES;
				COPY_PHASE_STRIP = NO;
				CURRENT_PROJECT_VERSION = 1;
				DEBUG_INFORMATION_FORMAT = "dwarf-with-dsym";
				ENABLE_NS_ASSERTIONS = NO;
				ENABLE_STRICT_OBJC_MSGSEND = YES;
				GCC_C_LANGUAGE_STANDARD = gnu11;
				GCC_NO_COMMON_BLOCKS = YES;
				GCC_WARN_64_TO_32_BIT_CONVERSION = YES;
				GCC_WARN_ABOUT_RETURN_TYPE = YES_ERROR;
				GCC_WARN_UNDECLARED_SELECTOR = YES;
				GCC_WARN_UNINITIALIZED_AUTOS = YES_AGGRESSIVE;
				GCC_WARN_UNUSED_FUNCTION = YES;
				GCC_WARN_UNUSED_VARIABLE = YES;
				IPHONEOS_DEPLOYMENT_TARGET = 14.5;
				MTL_ENABLE_DEBUG_INFO = NO;
				MTL_FAST_MATH = YES;
				SDKROOT = iphoneos;
				SWIFT_COMPILATION_MODE = wholemodule;
				SWIFT_OPTIMIZATION_LEVEL = "-O";
				VALIDATE_PRODUCT = YES;
				VERSIONING_SYSTEM = "apple-generic";
				VERSION_INFO_PREFIX = "";
			};
			name = Release;
		};
		C7FFD8D22647B27E000D447C /* Debug */ = {
			isa = XCBuildConfiguration;
			buildSettings = {
				CLANG_ENABLE_MODULES = YES;
				CODE_SIGN_STYLE = Automatic;
				DEFINES_MODULE = YES;
				DYLIB_COMPATIBILITY_VERSION = 1;
				DYLIB_CURRENT_VERSION = 1;
				DYLIB_INSTALL_NAME_BASE = "@rpath";
				INFOPLIST_FILE = Profile/Info.plist;
				INSTALL_PATH = "$(LOCAL_LIBRARY_DIR)/Frameworks";
				LD_RUNPATH_SEARCH_PATHS = (
					"$(inherited)",
					"@executable_path/Frameworks",
					"@loader_path/Frameworks",
				);
				PRODUCT_BUNDLE_IDENTIFIER = come.edu.Profile;
				PRODUCT_NAME = "$(TARGET_NAME:c99extidentifier)";
				SKIP_INSTALL = YES;
				SWIFT_OPTIMIZATION_LEVEL = "-Onone";
				SWIFT_VERSION = 5.0;
				TARGETED_DEVICE_FAMILY = "1,2";
			};
			name = Debug;
		};
		C7FFD8D32647B27E000D447C /* Release */ = {
			isa = XCBuildConfiguration;
			buildSettings = {
				CLANG_ENABLE_MODULES = YES;
				CODE_SIGN_STYLE = Automatic;
				DEFINES_MODULE = YES;
				DYLIB_COMPATIBILITY_VERSION = 1;
				DYLIB_CURRENT_VERSION = 1;
				DYLIB_INSTALL_NAME_BASE = "@rpath";
				INFOPLIST_FILE = Profile/Info.plist;
				INSTALL_PATH = "$(LOCAL_LIBRARY_DIR)/Frameworks";
				LD_RUNPATH_SEARCH_PATHS = (
					"$(inherited)",
					"@executable_path/Frameworks",
					"@loader_path/Frameworks",
				);
				PRODUCT_BUNDLE_IDENTIFIER = come.edu.Profile;
				PRODUCT_NAME = "$(TARGET_NAME:c99extidentifier)";
				SKIP_INSTALL = YES;
				SWIFT_VERSION = 5.0;
				TARGETED_DEVICE_FAMILY = "1,2";
			};
			name = Release;
		};
		C7FFD8D52647B27E000D447C /* Debug */ = {
			isa = XCBuildConfiguration;
			buildSettings = {
				ALWAYS_EMBED_SWIFT_STANDARD_LIBRARIES = YES;
				CODE_SIGN_STYLE = Automatic;
				INFOPLIST_FILE = ProfileUITests/Info.plist;
				LD_RUNPATH_SEARCH_PATHS = (
					"$(inherited)",
					"@executable_path/Frameworks",
					"@loader_path/Frameworks",
				);
				PRODUCT_BUNDLE_IDENTIFIER = come.edu.ProfileUITests;
				PRODUCT_NAME = "$(TARGET_NAME)";
				SWIFT_VERSION = 5.0;
				TARGETED_DEVICE_FAMILY = "1,2";
			};
			name = Debug;
		};
		C7FFD8D62647B27E000D447C /* Release */ = {
			isa = XCBuildConfiguration;
			buildSettings = {
				ALWAYS_EMBED_SWIFT_STANDARD_LIBRARIES = YES;
				CODE_SIGN_STYLE = Automatic;
				INFOPLIST_FILE = ProfileUITests/Info.plist;
				LD_RUNPATH_SEARCH_PATHS = (
					"$(inherited)",
					"@executable_path/Frameworks",
					"@loader_path/Frameworks",
				);
				PRODUCT_BUNDLE_IDENTIFIER = come.edu.ProfileUITests;
				PRODUCT_NAME = "$(TARGET_NAME)";
				SWIFT_VERSION = 5.0;
				TARGETED_DEVICE_FAMILY = "1,2";
			};
			name = Release;
		};
/* End XCBuildConfiguration section */

/* Begin XCConfigurationList section */
		C7FFD8B72647B27D000D447C /* Build configuration list for PBXProject "ProfileUI" */ = {
			isa = XCConfigurationList;
			buildConfigurations = (
				C7FFD8CF2647B27E000D447C /* Debug */,
				C7FFD8D02647B27E000D447C /* Release */,
			);
			defaultConfigurationIsVisible = 0;
			defaultConfigurationName = Release;
		};
		C7FFD8D12647B27E000D447C /* Build configuration list for PBXNativeTarget "ProfileUI" */ = {
			isa = XCConfigurationList;
			buildConfigurations = (
				C7FFD8D22647B27E000D447C /* Debug */,
				C7FFD8D32647B27E000D447C /* Release */,
			);
			defaultConfigurationIsVisible = 0;
			defaultConfigurationName = Release;
		};
		C7FFD8D42647B27E000D447C /* Build configuration list for PBXNativeTarget "ProfileUITests" */ = {
			isa = XCConfigurationList;
			buildConfigurations = (
				C7FFD8D52647B27E000D447C /* Debug */,
				C7FFD8D62647B27E000D447C /* Release */,
			);
			defaultConfigurationIsVisible = 0;
			defaultConfigurationName = Release;
		};
/* End XCConfigurationList section */
	};
	rootObject = C7FFD8B42647B27D000D447C /* Project object */;
}
