// !$*UTF8*$!
{
	archiveVersion = 1;
	classes = {
	};
	objectVersion = 50;
	objects = {

/* Begin PBXBuildFile section */
		C70E918D2667969500E0DB05 /* ProductFlowModuleFactory.swift in Sources */ = {isa = PBXBuildFile; fileRef = C70E918C2667969500E0DB05 /* ProductFlowModuleFactory.swift */; };
		C76EEB742650321D00C16419 /* ProductFlow.framework in Frameworks */ = {isa = PBXBuildFile; fileRef = C76EEB6A2650321D00C16419 /* ProductFlow.framework */; };
		C76EEB792650321D00C16419 /* ProductFlowTests.swift in Sources */ = {isa = PBXBuildFile; fileRef = C76EEB782650321D00C16419 /* ProductFlowTests.swift */; };
		C76EEB7B2650321E00C16419 /* ProductFlow.h in Headers */ = {isa = PBXBuildFile; fileRef = C76EEB6D2650321D00C16419 /* ProductFlow.h */; settings = {ATTRIBUTES = (Public, ); }; };
		C76EEB862650324900C16419 /* ProductFlow+Interfaces.swift in Sources */ = {isa = PBXBuildFile; fileRef = C76EEB842650324900C16419 /* ProductFlow+Interfaces.swift */; };
		C76EEB872650324900C16419 /* ProductFlowCoordinator.swift in Sources */ = {isa = PBXBuildFile; fileRef = C76EEB852650324900C16419 /* ProductFlowCoordinator.swift */; };
		C76EEB8A2650328E00C16419 /* FlowController.framework in Frameworks */ = {isa = PBXBuildFile; fileRef = C76EEB892650328E00C16419 /* FlowController.framework */; };
		C76EEB8B2650328E00C16419 /* FlowController.framework in Embed Frameworks */ = {isa = PBXBuildFile; fileRef = C76EEB892650328E00C16419 /* FlowController.framework */; settings = {ATTRIBUTES = (CodeSignOnCopy, RemoveHeadersOnCopy, ); }; };
		C76EEB8E2650329900C16419 /* ProductUI.framework in Frameworks */ = {isa = PBXBuildFile; fileRef = C76EEB8D2650329900C16419 /* ProductUI.framework */; };
		C76EEB8F2650329900C16419 /* ProductUI.framework in Embed Frameworks */ = {isa = PBXBuildFile; fileRef = C76EEB8D2650329900C16419 /* ProductUI.framework */; settings = {ATTRIBUTES = (CodeSignOnCopy, RemoveHeadersOnCopy, ); }; };
		C76EEB912650329E00C16419 /* PaymentUI.framework in Frameworks */ = {isa = PBXBuildFile; fileRef = C76EEB902650329E00C16419 /* PaymentUI.framework */; };
		C76EEB922650329E00C16419 /* PaymentUI.framework in Embed Frameworks */ = {isa = PBXBuildFile; fileRef = C76EEB902650329E00C16419 /* PaymentUI.framework */; settings = {ATTRIBUTES = (CodeSignOnCopy, RemoveHeadersOnCopy, ); }; };
		C76EEB94265032A400C16419 /* ShoppingAPI.framework in Frameworks */ = {isa = PBXBuildFile; fileRef = C76EEB93265032A400C16419 /* ShoppingAPI.framework */; };
		C76EEB95265032A400C16419 /* ShoppingAPI.framework in Embed Frameworks */ = {isa = PBXBuildFile; fileRef = C76EEB93265032A400C16419 /* ShoppingAPI.framework */; settings = {ATTRIBUTES = (CodeSignOnCopy, RemoveHeadersOnCopy, ); }; };
/* End PBXBuildFile section */

/* Begin PBXContainerItemProxy section */
		C76EEB752650321D00C16419 /* PBXContainerItemProxy */ = {
			isa = PBXContainerItemProxy;
			containerPortal = C76EEB612650321D00C16419 /* Project object */;
			proxyType = 1;
			remoteGlobalIDString = C76EEB692650321D00C16419;
			remoteInfo = ProductFlow;
		};
/* End PBXContainerItemProxy section */

/* Begin PBXCopyFilesBuildPhase section */
		C76EEB8C2650328E00C16419 /* Embed Frameworks */ = {
			isa = PBXCopyFilesBuildPhase;
			buildActionMask = 2147483647;
			dstPath = "";
			dstSubfolderSpec = 10;
			files = (
				C76EEB8F2650329900C16419 /* ProductUI.framework in Embed Frameworks */,
				C76EEB8B2650328E00C16419 /* FlowController.framework in Embed Frameworks */,
				C76EEB922650329E00C16419 /* PaymentUI.framework in Embed Frameworks */,
				C76EEB95265032A400C16419 /* ShoppingAPI.framework in Embed Frameworks */,
			);
			name = "Embed Frameworks";
			runOnlyForDeploymentPostprocessing = 0;
		};
/* End PBXCopyFilesBuildPhase section */

/* Begin PBXFileReference section */
		C70E918C2667969500E0DB05 /* ProductFlowModuleFactory.swift */ = {isa = PBXFileReference; lastKnownFileType = sourcecode.swift; path = ProductFlowModuleFactory.swift; sourceTree = "<group>"; };
		C76EEB6A2650321D00C16419 /* ProductFlow.framework */ = {isa = PBXFileReference; explicitFileType = wrapper.framework; includeInIndex = 0; path = ProductFlow.framework; sourceTree = BUILT_PRODUCTS_DIR; };
		C76EEB6D2650321D00C16419 /* ProductFlow.h */ = {isa = PBXFileReference; lastKnownFileType = sourcecode.c.h; path = ProductFlow.h; sourceTree = "<group>"; };
		C76EEB6E2650321D00C16419 /* Info.plist */ = {isa = PBXFileReference; lastKnownFileType = text.plist.xml; path = Info.plist; sourceTree = "<group>"; };
		C76EEB732650321D00C16419 /* ProductFlowTests.xctest */ = {isa = PBXFileReference; explicitFileType = wrapper.cfbundle; includeInIndex = 0; path = ProductFlowTests.xctest; sourceTree = BUILT_PRODUCTS_DIR; };
		C76EEB782650321D00C16419 /* ProductFlowTests.swift */ = {isa = PBXFileReference; lastKnownFileType = sourcecode.swift; path = ProductFlowTests.swift; sourceTree = "<group>"; };
		C76EEB7A2650321E00C16419 /* Info.plist */ = {isa = PBXFileReference; lastKnownFileType = text.plist.xml; path = Info.plist; sourceTree = "<group>"; };
		C76EEB842650324900C16419 /* ProductFlow+Interfaces.swift */ = {isa = PBXFileReference; fileEncoding = 4; lastKnownFileType = sourcecode.swift; path = "ProductFlow+Interfaces.swift"; sourceTree = "<group>"; };
		C76EEB852650324900C16419 /* ProductFlowCoordinator.swift */ = {isa = PBXFileReference; fileEncoding = 4; lastKnownFileType = sourcecode.swift; path = ProductFlowCoordinator.swift; sourceTree = "<group>"; };
		C76EEB892650328E00C16419 /* FlowController.framework */ = {isa = PBXFileReference; explicitFileType = wrapper.framework; path = FlowController.framework; sourceTree = BUILT_PRODUCTS_DIR; };
		C76EEB8D2650329900C16419 /* ProductUI.framework */ = {isa = PBXFileReference; explicitFileType = wrapper.framework; path = ProductUI.framework; sourceTree = BUILT_PRODUCTS_DIR; };
		C76EEB902650329E00C16419 /* PaymentUI.framework */ = {isa = PBXFileReference; explicitFileType = wrapper.framework; path = PaymentUI.framework; sourceTree = BUILT_PRODUCTS_DIR; };
		C76EEB93265032A400C16419 /* ShoppingAPI.framework */ = {isa = PBXFileReference; explicitFileType = wrapper.framework; path = ShoppingAPI.framework; sourceTree = BUILT_PRODUCTS_DIR; };
/* End PBXFileReference section */

/* Begin PBXFrameworksBuildPhase section */
		C76EEB672650321D00C16419 /* Frameworks */ = {
			isa = PBXFrameworksBuildPhase;
			buildActionMask = 2147483647;
			files = (
				C76EEB8E2650329900C16419 /* ProductUI.framework in Frameworks */,
				C76EEB8A2650328E00C16419 /* FlowController.framework in Frameworks */,
				C76EEB912650329E00C16419 /* PaymentUI.framework in Frameworks */,
				C76EEB94265032A400C16419 /* ShoppingAPI.framework in Frameworks */,
			);
			runOnlyForDeploymentPostprocessing = 0;
		};
		C76EEB702650321D00C16419 /* Frameworks */ = {
			isa = PBXFrameworksBuildPhase;
			buildActionMask = 2147483647;
			files = (
				C76EEB742650321D00C16419 /* ProductFlow.framework in Frameworks */,
			);
			runOnlyForDeploymentPostprocessing = 0;
		};
/* End PBXFrameworksBuildPhase section */

/* Begin PBXGroup section */
		C70E918A2667966B00E0DB05 /* Coordinators */ = {
			isa = PBXGroup;
			children = (
				C76EEB852650324900C16419 /* ProductFlowCoordinator.swift */,
			);
			path = Coordinators;
			sourceTree = "<group>";
		};
		C70E918B2667967300E0DB05 /* Interfaces */ = {
			isa = PBXGroup;
			children = (
				C76EEB842650324900C16419 /* ProductFlow+Interfaces.swift */,
				C70E918C2667969500E0DB05 /* ProductFlowModuleFactory.swift */,
			);
			path = Interfaces;
			sourceTree = "<group>";
		};
		C76EEB602650321D00C16419 = {
			isa = PBXGroup;
			children = (
				C76EEB6C2650321D00C16419 /* ProductFlow */,
				C76EEB772650321D00C16419 /* ProductFlowTests */,
				C76EEB6B2650321D00C16419 /* Products */,
				C76EEB882650328E00C16419 /* Frameworks */,
			);
			sourceTree = "<group>";
		};
		C76EEB6B2650321D00C16419 /* Products */ = {
			isa = PBXGroup;
			children = (
				C76EEB6A2650321D00C16419 /* ProductFlow.framework */,
				C76EEB732650321D00C16419 /* ProductFlowTests.xctest */,
			);
			name = Products;
			sourceTree = "<group>";
		};
		C76EEB6C2650321D00C16419 /* ProductFlow */ = {
			isa = PBXGroup;
			children = (
				C76EEB6D2650321D00C16419 /* ProductFlow.h */,
				C70E918A2667966B00E0DB05 /* Coordinators */,
				C70E918B2667967300E0DB05 /* Interfaces */,
				C76EEB6E2650321D00C16419 /* Info.plist */,
			);
			path = ProductFlow;
			sourceTree = "<group>";
		};
		C76EEB772650321D00C16419 /* ProductFlowTests */ = {
			isa = PBXGroup;
			children = (
				C76EEB782650321D00C16419 /* ProductFlowTests.swift */,
				C76EEB7A2650321E00C16419 /* Info.plist */,
			);
			path = ProductFlowTests;
			sourceTree = "<group>";
		};
		C76EEB882650328E00C16419 /* Frameworks */ = {
			isa = PBXGroup;
			children = (
				C76EEB93265032A400C16419 /* ShoppingAPI.framework */,
				C76EEB902650329E00C16419 /* PaymentUI.framework */,
				C76EEB8D2650329900C16419 /* ProductUI.framework */,
				C76EEB892650328E00C16419 /* FlowController.framework */,
			);
			name = Frameworks;
			sourceTree = "<group>";
		};
/* End PBXGroup section */

/* Begin PBXHeadersBuildPhase section */
		C76EEB652650321D00C16419 /* Headers */ = {
			isa = PBXHeadersBuildPhase;
			buildActionMask = 2147483647;
			files = (
				C76EEB7B2650321E00C16419 /* ProductFlow.h in Headers */,
			);
			runOnlyForDeploymentPostprocessing = 0;
		};
/* End PBXHeadersBuildPhase section */

/* Begin PBXNativeTarget section */
		C76EEB692650321D00C16419 /* ProductFlow */ = {
			isa = PBXNativeTarget;
			buildConfigurationList = C76EEB7E2650321E00C16419 /* Build configuration list for PBXNativeTarget "ProductFlow" */;
			buildPhases = (
				C76EEB652650321D00C16419 /* Headers */,
				C76EEB662650321D00C16419 /* Sources */,
				C76EEB672650321D00C16419 /* Frameworks */,
				C76EEB682650321D00C16419 /* Resources */,
				C76EEB8C2650328E00C16419 /* Embed Frameworks */,
			);
			buildRules = (
			);
			dependencies = (
			);
			name = ProductFlow;
			productName = ProductFlow;
			productReference = C76EEB6A2650321D00C16419 /* ProductFlow.framework */;
			productType = "com.apple.product-type.framework";
		};
		C76EEB722650321D00C16419 /* ProductFlowTests */ = {
			isa = PBXNativeTarget;
			buildConfigurationList = C76EEB812650321E00C16419 /* Build configuration list for PBXNativeTarget "ProductFlowTests" */;
			buildPhases = (
				C76EEB6F2650321D00C16419 /* Sources */,
				C76EEB702650321D00C16419 /* Frameworks */,
				C76EEB712650321D00C16419 /* Resources */,
			);
			buildRules = (
			);
			dependencies = (
				C76EEB762650321D00C16419 /* PBXTargetDependency */,
			);
			name = ProductFlowTests;
			productName = ProductFlowTests;
			productReference = C76EEB732650321D00C16419 /* ProductFlowTests.xctest */;
			productType = "com.apple.product-type.bundle.unit-test";
		};
/* End PBXNativeTarget section */

/* Begin PBXProject section */
		C76EEB612650321D00C16419 /* Project object */ = {
			isa = PBXProject;
			attributes = {
				LastSwiftUpdateCheck = 1250;
				LastUpgradeCheck = 1250;
				TargetAttributes = {
					C76EEB692650321D00C16419 = {
						CreatedOnToolsVersion = 12.5;
						LastSwiftMigration = 1250;
					};
					C76EEB722650321D00C16419 = {
						CreatedOnToolsVersion = 12.5;
					};
				};
			};
			buildConfigurationList = C76EEB642650321D00C16419 /* Build configuration list for PBXProject "ProductFlow" */;
			compatibilityVersion = "Xcode 9.3";
			developmentRegion = en;
			hasScannedForEncodings = 0;
			knownRegions = (
				en,
				Base,
			);
			mainGroup = C76EEB602650321D00C16419;
			productRefGroup = C76EEB6B2650321D00C16419 /* Products */;
			projectDirPath = "";
			projectRoot = "";
			targets = (
				C76EEB692650321D00C16419 /* ProductFlow */,
				C76EEB722650321D00C16419 /* ProductFlowTests */,
			);
		};
/* End PBXProject section */

/* Begin PBXResourcesBuildPhase section */
		C76EEB682650321D00C16419 /* Resources */ = {
			isa = PBXResourcesBuildPhase;
			buildActionMask = 2147483647;
			files = (
			);
			runOnlyForDeploymentPostprocessing = 0;
		};
		C76EEB712650321D00C16419 /* Resources */ = {
			isa = PBXResourcesBuildPhase;
			buildActionMask = 2147483647;
			files = (
			);
			runOnlyForDeploymentPostprocessing = 0;
		};
/* End PBXResourcesBuildPhase section */

/* Begin PBXSourcesBuildPhase section */
		C76EEB662650321D00C16419 /* Sources */ = {
			isa = PBXSourcesBuildPhase;
			buildActionMask = 2147483647;
			files = (
				C76EEB872650324900C16419 /* ProductFlowCoordinator.swift in Sources */,
				C70E918D2667969500E0DB05 /* ProductFlowModuleFactory.swift in Sources */,
				C76EEB862650324900C16419 /* ProductFlow+Interfaces.swift in Sources */,
			);
			runOnlyForDeploymentPostprocessing = 0;
		};
		C76EEB6F2650321D00C16419 /* Sources */ = {
			isa = PBXSourcesBuildPhase;
			buildActionMask = 2147483647;
			files = (
				C76EEB792650321D00C16419 /* ProductFlowTests.swift in Sources */,
			);
			runOnlyForDeploymentPostprocessing = 0;
		};
/* End PBXSourcesBuildPhase section */

/* Begin PBXTargetDependency section */
		C76EEB762650321D00C16419 /* PBXTargetDependency */ = {
			isa = PBXTargetDependency;
			target = C76EEB692650321D00C16419 /* ProductFlow */;
			targetProxy = C76EEB752650321D00C16419 /* PBXContainerItemProxy */;
		};
/* End PBXTargetDependency section */

/* Begin XCBuildConfiguration section */
		C76EEB7C2650321E00C16419 /* Debug */ = {
			isa = XCBuildConfiguration;
			buildSettings = {
				ALWAYS_SEARCH_USER_PATHS = NO;
				CLANG_ANALYZER_NONNULL = YES;
				CLANG_ANALYZER_NUMBER_OBJECT_CONVERSION = YES_AGGRESSIVE;
				CLANG_CXX_LANGUAGE_STANDARD = "gnu++14";
				CLANG_CXX_LIBRARY = "libc++";
				CLANG_ENABLE_MODULES = YES;
				CLANG_ENABLE_OBJC_ARC = YES;
				CLANG_ENABLE_OBJC_WEAK = YES;
				CLANG_WARN_BLOCK_CAPTURE_AUTORELEASING = YES;
				CLANG_WARN_BOOL_CONVERSION = YES;
				CLANG_WARN_COMMA = YES;
				CLANG_WARN_CONSTANT_CONVERSION = YES;
				CLANG_WARN_DEPRECATED_OBJC_IMPLEMENTATIONS = YES;
				CLANG_WARN_DIRECT_OBJC_ISA_USAGE = YES_ERROR;
				CLANG_WARN_DOCUMENTATION_COMMENTS = YES;
				CLANG_WARN_EMPTY_BODY = YES;
				CLANG_WARN_ENUM_CONVERSION = YES;
				CLANG_WARN_INFINITE_RECURSION = YES;
				CLANG_WARN_INT_CONVERSION = YES;
				CLANG_WARN_NON_LITERAL_NULL_CONVERSION = YES;
				CLANG_WARN_OBJC_IMPLICIT_RETAIN_SELF = YES;
				CLANG_WARN_OBJC_LITERAL_CONVERSION = YES;
				CLANG_WARN_OBJC_ROOT_CLASS = YES_ERROR;
				CLANG_WARN_QUOTED_INCLUDE_IN_FRAMEWORK_HEADER = YES;
				CLANG_WARN_RANGE_LOOP_ANALYSIS = YES;
				CLANG_WARN_STRICT_PROTOTYPES = YES;
				CLANG_WARN_SUSPICIOUS_MOVE = YES;
				CLANG_WARN_UNGUARDED_AVAILABILITY = YES_AGGRESSIVE;
				CLANG_WARN_UNREACHABLE_CODE = YES;
				CLANG_WARN__DUPLICATE_METHOD_MATCH = YES;
				COPY_PHASE_STRIP = NO;
				CURRENT_PROJECT_VERSION = 1;
				DEBUG_INFORMATION_FORMAT = dwarf;
				ENABLE_STRICT_OBJC_MSGSEND = YES;
				ENABLE_TESTABILITY = YES;
				GCC_C_LANGUAGE_STANDARD = gnu11;
				GCC_DYNAMIC_NO_PIC = NO;
				GCC_NO_COMMON_BLOCKS = YES;
				GCC_OPTIMIZATION_LEVEL = 0;
				GCC_PREPROCESSOR_DEFINITIONS = (
					"DEBUG=1",
					"$(inherited)",
				);
				GCC_WARN_64_TO_32_BIT_CONVERSION = YES;
				GCC_WARN_ABOUT_RETURN_TYPE = YES_ERROR;
				GCC_WARN_UNDECLARED_SELECTOR = YES;
				GCC_WARN_UNINITIALIZED_AUTOS = YES_AGGRESSIVE;
				GCC_WARN_UNUSED_FUNCTION = YES;
				GCC_WARN_UNUSED_VARIABLE = YES;
				IPHONEOS_DEPLOYMENT_TARGET = 14.5;
				MTL_ENABLE_DEBUG_INFO = INCLUDE_SOURCE;
				MTL_FAST_MATH = YES;
				ONLY_ACTIVE_ARCH = YES;
				SDKROOT = iphoneos;
				SWIFT_ACTIVE_COMPILATION_CONDITIONS = DEBUG;
				SWIFT_OPTIMIZATION_LEVEL = "-Onone";
				VERSIONING_SYSTEM = "apple-generic";
				VERSION_INFO_PREFIX = "";
			};
			name = Debug;
		};
		C76EEB7D2650321E00C16419 /* Release */ = {
			isa = XCBuildConfiguration;
			buildSettings = {
				ALWAYS_SEARCH_USER_PATHS = NO;
				CLANG_ANALYZER_NONNULL = YES;
				CLANG_ANALYZER_NUMBER_OBJECT_CONVERSION = YES_AGGRESSIVE;
				CLANG_CXX_LANGUAGE_STANDARD = "gnu++14";
				CLANG_CXX_LIBRARY = "libc++";
				CLANG_ENABLE_MODULES = YES;
				CLANG_ENABLE_OBJC_ARC = YES;
				CLANG_ENABLE_OBJC_WEAK = YES;
				CLANG_WARN_BLOCK_CAPTURE_AUTORELEASING = YES;
				CLANG_WARN_BOOL_CONVERSION = YES;
				CLANG_WARN_COMMA = YES;
				CLANG_WARN_CONSTANT_CONVERSION = YES;
				CLANG_WARN_DEPRECATED_OBJC_IMPLEMENTATIONS = YES;
				CLANG_WARN_DIRECT_OBJC_ISA_USAGE = YES_ERROR;
				CLANG_WARN_DOCUMENTATION_COMMENTS = YES;
				CLANG_WARN_EMPTY_BODY = YES;
				CLANG_WARN_ENUM_CONVERSION = YES;
				CLANG_WARN_INFINITE_RECURSION = YES;
				CLANG_WARN_INT_CONVERSION = YES;
				CLANG_WARN_NON_LITERAL_NULL_CONVERSION = YES;
				CLANG_WARN_OBJC_IMPLICIT_RETAIN_SELF = YES;
				CLANG_WARN_OBJC_LITERAL_CONVERSION = YES;
				CLANG_WARN_OBJC_ROOT_CLASS = YES_ERROR;
				CLANG_WARN_QUOTED_INCLUDE_IN_FRAMEWORK_HEADER = YES;
				CLANG_WARN_RANGE_LOOP_ANALYSIS = YES;
				CLANG_WARN_STRICT_PROTOTYPES = YES;
				CLANG_WARN_SUSPICIOUS_MOVE = YES;
				CLANG_WARN_UNGUARDED_AVAILABILITY = YES_AGGRESSIVE;
				CLANG_WARN_UNREACHABLE_CODE = YES;
				CLANG_WARN__DUPLICATE_METHOD_MATCH = YES;
				COPY_PHASE_STRIP = NO;
				CURRENT_PROJECT_VERSION = 1;
				DEBUG_INFORMATION_FORMAT = "dwarf-with-dsym";
				ENABLE_NS_ASSERTIONS = NO;
				ENABLE_STRICT_OBJC_MSGSEND = YES;
				GCC_C_LANGUAGE_STANDARD = gnu11;
				GCC_NO_COMMON_BLOCKS = YES;
				GCC_WARN_64_TO_32_BIT_CONVERSION = YES;
				GCC_WARN_ABOUT_RETURN_TYPE = YES_ERROR;
				GCC_WARN_UNDECLARED_SELECTOR = YES;
				GCC_WARN_UNINITIALIZED_AUTOS = YES_AGGRESSIVE;
				GCC_WARN_UNUSED_FUNCTION = YES;
				GCC_WARN_UNUSED_VARIABLE = YES;
				IPHONEOS_DEPLOYMENT_TARGET = 14.5;
				MTL_ENABLE_DEBUG_INFO = NO;
				MTL_FAST_MATH = YES;
				SDKROOT = iphoneos;
				SWIFT_COMPILATION_MODE = wholemodule;
				SWIFT_OPTIMIZATION_LEVEL = "-O";
				VALIDATE_PRODUCT = YES;
				VERSIONING_SYSTEM = "apple-generic";
				VERSION_INFO_PREFIX = "";
			};
			name = Release;
		};
		C76EEB7F2650321E00C16419 /* Debug */ = {
			isa = XCBuildConfiguration;
			buildSettings = {
				CLANG_ENABLE_MODULES = YES;
				CODE_SIGN_STYLE = Automatic;
				DEFINES_MODULE = YES;
				DYLIB_COMPATIBILITY_VERSION = 1;
				DYLIB_CURRENT_VERSION = 1;
				DYLIB_INSTALL_NAME_BASE = "@rpath";
				INFOPLIST_FILE = ProductFlow/Info.plist;
				INSTALL_PATH = "$(LOCAL_LIBRARY_DIR)/Frameworks";
				LD_RUNPATH_SEARCH_PATHS = (
					"$(inherited)",
					"@executable_path/Frameworks",
					"@loader_path/Frameworks",
				);
				PRODUCT_BUNDLE_IDENTIFIER = come.edu.ProductFlow;
				PRODUCT_NAME = "$(TARGET_NAME:c99extidentifier)";
				SKIP_INSTALL = YES;
				SWIFT_OPTIMIZATION_LEVEL = "-Onone";
				SWIFT_VERSION = 5.0;
				TARGETED_DEVICE_FAMILY = "1,2";
			};
			name = Debug;
		};
		C76EEB802650321E00C16419 /* Release */ = {
			isa = XCBuildConfiguration;
			buildSettings = {
				CLANG_ENABLE_MODULES = YES;
				CODE_SIGN_STYLE = Automatic;
				DEFINES_MODULE = YES;
				DYLIB_COMPATIBILITY_VERSION = 1;
				DYLIB_CURRENT_VERSION = 1;
				DYLIB_INSTALL_NAME_BASE = "@rpath";
				INFOPLIST_FILE = ProductFlow/Info.plist;
				INSTALL_PATH = "$(LOCAL_LIBRARY_DIR)/Frameworks";
				LD_RUNPATH_SEARCH_PATHS = (
					"$(inherited)",
					"@executable_path/Frameworks",
					"@loader_path/Frameworks",
				);
				PRODUCT_BUNDLE_IDENTIFIER = come.edu.ProductFlow;
				PRODUCT_NAME = "$(TARGET_NAME:c99extidentifier)";
				SKIP_INSTALL = YES;
				SWIFT_VERSION = 5.0;
				TARGETED_DEVICE_FAMILY = "1,2";
			};
			name = Release;
		};
		C76EEB822650321E00C16419 /* Debug */ = {
			isa = XCBuildConfiguration;
			buildSettings = {
				ALWAYS_EMBED_SWIFT_STANDARD_LIBRARIES = YES;
				CODE_SIGN_STYLE = Automatic;
				INFOPLIST_FILE = ProductFlowTests/Info.plist;
				LD_RUNPATH_SEARCH_PATHS = (
					"$(inherited)",
					"@executable_path/Frameworks",
					"@loader_path/Frameworks",
				);
				PRODUCT_BUNDLE_IDENTIFIER = come.edu.ProductFlowTests;
				PRODUCT_NAME = "$(TARGET_NAME)";
				SWIFT_VERSION = 5.0;
				TARGETED_DEVICE_FAMILY = "1,2";
			};
			name = Debug;
		};
		C76EEB832650321E00C16419 /* Release */ = {
			isa = XCBuildConfiguration;
			buildSettings = {
				ALWAYS_EMBED_SWIFT_STANDARD_LIBRARIES = YES;
				CODE_SIGN_STYLE = Automatic;
				INFOPLIST_FILE = ProductFlowTests/Info.plist;
				LD_RUNPATH_SEARCH_PATHS = (
					"$(inherited)",
					"@executable_path/Frameworks",
					"@loader_path/Frameworks",
				);
				PRODUCT_BUNDLE_IDENTIFIER = come.edu.ProductFlowTests;
				PRODUCT_NAME = "$(TARGET_NAME)";
				SWIFT_VERSION = 5.0;
				TARGETED_DEVICE_FAMILY = "1,2";
			};
			name = Release;
		};
/* End XCBuildConfiguration section */

/* Begin XCConfigurationList section */
		C76EEB642650321D00C16419 /* Build configuration list for PBXProject "ProductFlow" */ = {
			isa = XCConfigurationList;
			buildConfigurations = (
				C76EEB7C2650321E00C16419 /* Debug */,
				C76EEB7D2650321E00C16419 /* Release */,
			);
			defaultConfigurationIsVisible = 0;
			defaultConfigurationName = Release;
		};
		C76EEB7E2650321E00C16419 /* Build configuration list for PBXNativeTarget "ProductFlow" */ = {
			isa = XCConfigurationList;
			buildConfigurations = (
				C76EEB7F2650321E00C16419 /* Debug */,
				C76EEB802650321E00C16419 /* Release */,
			);
			defaultConfigurationIsVisible = 0;
			defaultConfigurationName = Release;
		};
		C76EEB812650321E00C16419 /* Build configuration list for PBXNativeTarget "ProductFlowTests" */ = {
			isa = XCConfigurationList;
			buildConfigurations = (
				C76EEB822650321E00C16419 /* Debug */,
				C76EEB832650321E00C16419 /* Release */,
			);
			defaultConfigurationIsVisible = 0;
			defaultConfigurationName = Release;
		};
/* End XCConfigurationList section */
	};
	rootObject = C76EEB612650321D00C16419 /* Project object */;
}
